// !$*UTF8*$!
{
	archiveVersion = 1;
	classes = {
	};
	objectVersion = 46;
	objects = {

/* Begin PBXBuildFile section */
		5029638F153E6C3500DFD6AF /* AboutViewController.m in Sources */ = {isa = PBXBuildFile; fileRef = 5029638D153E6C3500DFD6AF /* AboutViewController.m */; };
		50296390153E6C3500DFD6AF /* AboutViewController.xib in Resources */ = {isa = PBXBuildFile; fileRef = 5029638E153E6C3500DFD6AF /* AboutViewController.xib */; };
		503B6D59154D0832003904F9 /* GIDAAlertView.m in Sources */ = {isa = PBXBuildFile; fileRef = 503B6D58154D0831003904F9 /* GIDAAlertView.m */; };
		5046DEBF155F40F300AACBA9 /* PBBar.m in Sources */ = {isa = PBXBuildFile; fileRef = 5046DEBE155F40F300AACBA9 /* PBBar.m */; };
		5046DEC4155F697C00AACBA9 /* PBVisualization.m in Sources */ = {isa = PBXBuildFile; fileRef = 5046DEC3155F697C00AACBA9 /* PBVisualization.m */; };
		5046DEC7155F724F00AACBA9 /* PBConstants.m in Sources */ = {isa = PBXBuildFile; fileRef = 5046DEC6155F724E00AACBA9 /* PBConstants.m */; };
		506A369B156C8AEB006B3F64 /* libCorePlot-CocoaTouch.a in Frameworks */ = {isa = PBXBuildFile; fileRef = 506A369A156C8AEB006B3F64 /* libCorePlot-CocoaTouch.a */; };
		506A36A3156C8B44006B3F64 /* DefaultUser.png in Resources */ = {isa = PBXBuildFile; fileRef = 506A369D156C8B44006B3F64 /* DefaultUser.png */; };
		506A36A4156C8B44006B3F64 /* noresource.png in Resources */ = {isa = PBXBuildFile; fileRef = 506A369E156C8B44006B3F64 /* noresource.png */; };
		506A36A5156C8B44006B3F64 /* noresource@2x.png in Resources */ = {isa = PBXBuildFile; fileRef = 506A369F156C8B44006B3F64 /* noresource@2x.png */; };
		506A36A6156C8B44006B3F64 /* ProfilePicturePlaceholder.png in Resources */ = {isa = PBXBuildFile; fileRef = 506A36A0156C8B44006B3F64 /* ProfilePicturePlaceholder.png */; };
		506A36A7156C8B44006B3F64 /* VerifiedTwitter.png in Resources */ = {isa = PBXBuildFile; fileRef = 506A36A1156C8B44006B3F64 /* VerifiedTwitter.png */; };
		506A36A8156C8B44006B3F64 /* VerifiedTwitter@2x.png in Resources */ = {isa = PBXBuildFile; fileRef = 506A36A2156C8B44006B3F64 /* VerifiedTwitter@2x.png */; };
		5089487815315CB000A66EFA /* PBTweet.m in Sources */ = {isa = PBXBuildFile; fileRef = 5089487715315CB000A66EFA /* PBTweet.m */; };
		5089487B153160F800A66EFA /* PBTUser.m in Sources */ = {isa = PBXBuildFile; fileRef = 5089487A153160F700A66EFA /* PBTUser.m */; };
		5089487D1531742500A66EFA /* Twitter.framework in Frameworks */ = {isa = PBXBuildFile; fileRef = 5089487C1531742500A66EFA /* Twitter.framework */; };
		5089487F1531794600A66EFA /* Accounts.framework in Frameworks */ = {isa = PBXBuildFile; fileRef = 5089487E1531794600A66EFA /* Accounts.framework */; };
		5093C6E7153A3F66001D279C /* PBTUserView.m in Sources */ = {isa = PBXBuildFile; fileRef = 5093C6E6153A3F66001D279C /* PBTUserView.m */; };
		50B5DE8B152EB92800661492 /* UIKit.framework in Frameworks */ = {isa = PBXBuildFile; fileRef = 50B5DE8A152EB92800661492 /* UIKit.framework */; };
		50B5DE8D152EB92800661492 /* Foundation.framework in Frameworks */ = {isa = PBXBuildFile; fileRef = 50B5DE8C152EB92800661492 /* Foundation.framework */; };
		50B5DE8F152EB92800661492 /* CoreGraphics.framework in Frameworks */ = {isa = PBXBuildFile; fileRef = 50B5DE8E152EB92800661492 /* CoreGraphics.framework */; };
		50B5DE95152EB92800661492 /* InfoPlist.strings in Resources */ = {isa = PBXBuildFile; fileRef = 50B5DE93152EB92800661492 /* InfoPlist.strings */; };
		50B5DE97152EB92800661492 /* main.m in Sources */ = {isa = PBXBuildFile; fileRef = 50B5DE96152EB92800661492 /* main.m */; };
		50B5DE9B152EB92800661492 /* AppDelegate.m in Sources */ = {isa = PBXBuildFile; fileRef = 50B5DE9A152EB92800661492 /* AppDelegate.m */; };
		50B5DEFA152EBA1B00661492 /* PBDataSet.m in Sources */ = {isa = PBXBuildFile; fileRef = 50B5DEA2152EB9CF00661492 /* PBDataSet.m */; };
		50B5DEFB152EBA1B00661492 /* PBPlot.m in Sources */ = {isa = PBXBuildFile; fileRef = 50B5DEA5152EB9CF00661492 /* PBPlot.m */; };
		50B5DEFC152EBA1B00661492 /* PBUtilities.m in Sources */ = {isa = PBXBuildFile; fileRef = 50B5DEA7152EB9CF00661492 /* PBUtilities.m */; };
		50B5DEFE152EBA3700661492 /* QuartzCore.framework in Frameworks */ = {isa = PBXBuildFile; fileRef = 50B5DEFD152EBA3700661492 /* QuartzCore.framework */; };
		50B5DF06152EBB8500661492 /* Home.xib in Resources */ = {isa = PBXBuildFile; fileRef = 50B5DF05152EBB8500661492 /* Home.xib */; };
		50B5DF09152EBBA500661492 /* HomeViewController.m in Sources */ = {isa = PBXBuildFile; fileRef = 50B5DF08152EBBA500661492 /* HomeViewController.m */; };
		50CAAC451544F0A300641D90 /* FindUserViewController.m in Sources */ = {isa = PBXBuildFile; fileRef = 50CAAC441544F0A300641D90 /* FindUserViewController.m */; };
		50CAAC52154525A600641D90 /* PBTUtilities.m in Sources */ = {isa = PBXBuildFile; fileRef = 50CAAC51154525A600641D90 /* PBTUtilities.m */; };
		50CD10C2153BC640004F7229 /* PBTConstants.m in Sources */ = {isa = PBXBuildFile; fileRef = 50CD10C1153BC640004F7229 /* PBTConstants.m */; };
		50DAD19C15C5162900097176 /* Icon-72.png in Resources */ = {isa = PBXBuildFile; fileRef = 50DAD19615C5162900097176 /* Icon-72.png */; };
		50DAD19D15C5162900097176 /* Icon-Small-50.png in Resources */ = {isa = PBXBuildFile; fileRef = 50DAD19715C5162900097176 /* Icon-Small-50.png */; };
		50DAD19E15C5162900097176 /* Icon-Small.png in Resources */ = {isa = PBXBuildFile; fileRef = 50DAD19815C5162900097176 /* Icon-Small.png */; };
		50DAD19F15C5162900097176 /* Icon.png in Resources */ = {isa = PBXBuildFile; fileRef = 50DAD19915C5162900097176 /* Icon.png */; };
		50DAD1A015C5162900097176 /* Icon@2x.png in Resources */ = {isa = PBXBuildFile; fileRef = 50DAD19A15C5162900097176 /* Icon@2x.png */; };
		50DAD1A115C5162900097176 /* iTunesArtwork.png in Resources */ = {isa = PBXBuildFile; fileRef = 50DAD19B15C5162900097176 /* iTunesArtwork.png */; };
		50E4E2B0155F9F8C00AF606C /* PBXYVisualization.m in Sources */ = {isa = PBXBuildFile; fileRef = 50E4E2AF155F9F8C00AF606C /* PBXYVisualization.m */; };
/* End PBXBuildFile section */

/* Begin PBXFileReference section */
		5029638C153E6C3500DFD6AF /* AboutViewController.h */ = {isa = PBXFileReference; fileEncoding = 4; lastKnownFileType = sourcecode.c.h; path = AboutViewController.h; sourceTree = "<group>"; };
		5029638D153E6C3500DFD6AF /* AboutViewController.m */ = {isa = PBXFileReference; fileEncoding = 4; lastKnownFileType = sourcecode.c.objc; path = AboutViewController.m; sourceTree = "<group>"; };
		5029638E153E6C3500DFD6AF /* AboutViewController.xib */ = {isa = PBXFileReference; fileEncoding = 4; lastKnownFileType = file.xib; path = AboutViewController.xib; sourceTree = "<group>"; };
		503807181533F98600CD6783 /* PBTDefines.h */ = {isa = PBXFileReference; lastKnownFileType = sourcecode.c.h; path = PBTDefines.h; sourceTree = "<group>"; };
		503B6D57154D0831003904F9 /* GIDAAlertView.h */ = {isa = PBXFileReference; fileEncoding = 4; lastKnownFileType = sourcecode.c.h; path = GIDAAlertView.h; sourceTree = "<group>"; };
		503B6D58154D0831003904F9 /* GIDAAlertView.m */ = {isa = PBXFileReference; fileEncoding = 4; lastKnownFileType = sourcecode.c.objc; path = GIDAAlertView.m; sourceTree = "<group>"; };
		5046DEBD155F40F300AACBA9 /* PBBar.h */ = {isa = PBXFileReference; fileEncoding = 4; lastKnownFileType = sourcecode.c.h; path = PBBar.h; sourceTree = "<group>"; };
		5046DEBE155F40F300AACBA9 /* PBBar.m */ = {isa = PBXFileReference; fileEncoding = 4; lastKnownFileType = sourcecode.c.objc; path = PBBar.m; sourceTree = "<group>"; };
		5046DEC1155F433700AACBA9 /* PBDefines.h */ = {isa = PBXFileReference; fileEncoding = 4; lastKnownFileType = sourcecode.c.h; path = PBDefines.h; sourceTree = "<group>"; };
		5046DEC2155F697C00AACBA9 /* PBVisualization.h */ = {isa = PBXFileReference; fileEncoding = 4; lastKnownFileType = sourcecode.c.h; path = PBVisualization.h; sourceTree = "<group>"; };
		5046DEC3155F697C00AACBA9 /* PBVisualization.m */ = {isa = PBXFileReference; fileEncoding = 4; lastKnownFileType = sourcecode.c.objc; path = PBVisualization.m; sourceTree = "<group>"; };
		5046DEC5155F724E00AACBA9 /* PBConstants.h */ = {isa = PBXFileReference; fileEncoding = 4; lastKnownFileType = sourcecode.c.h; path = PBConstants.h; sourceTree = "<group>"; };
		5046DEC6155F724E00AACBA9 /* PBConstants.m */ = {isa = PBXFileReference; fileEncoding = 4; lastKnownFileType = sourcecode.c.objc; path = PBConstants.m; sourceTree = "<group>"; };
		506A364B156C8AEB006B3F64 /* _CPTConstraintsFixed.h */ = {isa = PBXFileReference; fileEncoding = 4; lastKnownFileType = sourcecode.c.h; path = _CPTConstraintsFixed.h; sourceTree = "<group>"; };
		506A364C156C8AEB006B3F64 /* _CPTConstraintsRelative.h */ = {isa = PBXFileReference; fileEncoding = 4; lastKnownFileType = sourcecode.c.h; path = _CPTConstraintsRelative.h; sourceTree = "<group>"; };
		506A364D156C8AEB006B3F64 /* _CPTDarkGradientTheme.h */ = {isa = PBXFileReference; fileEncoding = 4; lastKnownFileType = sourcecode.c.h; path = _CPTDarkGradientTheme.h; sourceTree = "<group>"; };
		506A364E156C8AEB006B3F64 /* _CPTFillColor.h */ = {isa = PBXFileReference; fileEncoding = 4; lastKnownFileType = sourcecode.c.h; path = _CPTFillColor.h; sourceTree = "<group>"; };
		506A364F156C8AEB006B3F64 /* _CPTFillGradient.h */ = {isa = PBXFileReference; fileEncoding = 4; lastKnownFileType = sourcecode.c.h; path = _CPTFillGradient.h; sourceTree = "<group>"; };
		506A3650156C8AEB006B3F64 /* _CPTFillImage.h */ = {isa = PBXFileReference; fileEncoding = 4; lastKnownFileType = sourcecode.c.h; path = _CPTFillImage.h; sourceTree = "<group>"; };
		506A3651156C8AEB006B3F64 /* _CPTPlainBlackTheme.h */ = {isa = PBXFileReference; fileEncoding = 4; lastKnownFileType = sourcecode.c.h; path = _CPTPlainBlackTheme.h; sourceTree = "<group>"; };
		506A3652156C8AEB006B3F64 /* _CPTPlainWhiteTheme.h */ = {isa = PBXFileReference; fileEncoding = 4; lastKnownFileType = sourcecode.c.h; path = _CPTPlainWhiteTheme.h; sourceTree = "<group>"; };
		506A3653156C8AEB006B3F64 /* _CPTSlateTheme.h */ = {isa = PBXFileReference; fileEncoding = 4; lastKnownFileType = sourcecode.c.h; path = _CPTSlateTheme.h; sourceTree = "<group>"; };
		506A3654156C8AEB006B3F64 /* _CPTStocksTheme.h */ = {isa = PBXFileReference; fileEncoding = 4; lastKnownFileType = sourcecode.c.h; path = _CPTStocksTheme.h; sourceTree = "<group>"; };
		506A3655156C8AEB006B3F64 /* _CPTXYTheme.h */ = {isa = PBXFileReference; fileEncoding = 4; lastKnownFileType = sourcecode.c.h; path = _CPTXYTheme.h; sourceTree = "<group>"; };
		506A3656156C8AEB006B3F64 /* CorePlot-CocoaTouch.h */ = {isa = PBXFileReference; fileEncoding = 4; lastKnownFileType = sourcecode.c.h; path = "CorePlot-CocoaTouch.h"; sourceTree = "<group>"; };
		506A3657156C8AEB006B3F64 /* CPTAnnotation.h */ = {isa = PBXFileReference; fileEncoding = 4; lastKnownFileType = sourcecode.c.h; path = CPTAnnotation.h; sourceTree = "<group>"; };
		506A3658156C8AEB006B3F64 /* CPTAnnotationHostLayer.h */ = {isa = PBXFileReference; fileEncoding = 4; lastKnownFileType = sourcecode.c.h; path = CPTAnnotationHostLayer.h; sourceTree = "<group>"; };
		506A3659156C8AEB006B3F64 /* CPTAxis.h */ = {isa = PBXFileReference; fileEncoding = 4; lastKnownFileType = sourcecode.c.h; path = CPTAxis.h; sourceTree = "<group>"; };
		506A365A156C8AEB006B3F64 /* CPTAxisLabel.h */ = {isa = PBXFileReference; fileEncoding = 4; lastKnownFileType = sourcecode.c.h; path = CPTAxisLabel.h; sourceTree = "<group>"; };
		506A365B156C8AEB006B3F64 /* CPTAxisLabelGroup.h */ = {isa = PBXFileReference; fileEncoding = 4; lastKnownFileType = sourcecode.c.h; path = CPTAxisLabelGroup.h; sourceTree = "<group>"; };
		506A365C156C8AEB006B3F64 /* CPTAxisSet.h */ = {isa = PBXFileReference; fileEncoding = 4; lastKnownFileType = sourcecode.c.h; path = CPTAxisSet.h; sourceTree = "<group>"; };
		506A365D156C8AEB006B3F64 /* CPTAxisTitle.h */ = {isa = PBXFileReference; fileEncoding = 4; lastKnownFileType = sourcecode.c.h; path = CPTAxisTitle.h; sourceTree = "<group>"; };
		506A365E156C8AEB006B3F64 /* CPTBarPlot.h */ = {isa = PBXFileReference; fileEncoding = 4; lastKnownFileType = sourcecode.c.h; path = CPTBarPlot.h; sourceTree = "<group>"; };
		506A365F156C8AEB006B3F64 /* CPTBorderedLayer.h */ = {isa = PBXFileReference; fileEncoding = 4; lastKnownFileType = sourcecode.c.h; path = CPTBorderedLayer.h; sourceTree = "<group>"; };
		506A3660156C8AEB006B3F64 /* CPTColor.h */ = {isa = PBXFileReference; fileEncoding = 4; lastKnownFileType = sourcecode.c.h; path = CPTColor.h; sourceTree = "<group>"; };
		506A3661156C8AEB006B3F64 /* CPTColorSpace.h */ = {isa = PBXFileReference; fileEncoding = 4; lastKnownFileType = sourcecode.c.h; path = CPTColorSpace.h; sourceTree = "<group>"; };
		506A3662156C8AEB006B3F64 /* CPTConstraints.h */ = {isa = PBXFileReference; fileEncoding = 4; lastKnownFileType = sourcecode.c.h; path = CPTConstraints.h; sourceTree = "<group>"; };
		506A3663156C8AEB006B3F64 /* CPTDefinitions.h */ = {isa = PBXFileReference; fileEncoding = 4; lastKnownFileType = sourcecode.c.h; path = CPTDefinitions.h; sourceTree = "<group>"; };
		506A3664156C8AEB006B3F64 /* CPTExceptions.h */ = {isa = PBXFileReference; fileEncoding = 4; lastKnownFileType = sourcecode.c.h; path = CPTExceptions.h; sourceTree = "<group>"; };
		506A3665156C8AEB006B3F64 /* CPTFill.h */ = {isa = PBXFileReference; fileEncoding = 4; lastKnownFileType = sourcecode.c.h; path = CPTFill.h; sourceTree = "<group>"; };
		506A3666156C8AEB006B3F64 /* CPTGradient.h */ = {isa = PBXFileReference; fileEncoding = 4; lastKnownFileType = sourcecode.c.h; path = CPTGradient.h; sourceTree = "<group>"; };
		506A3667156C8AEB006B3F64 /* CPTGraph.h */ = {isa = PBXFileReference; fileEncoding = 4; lastKnownFileType = sourcecode.c.h; path = CPTGraph.h; sourceTree = "<group>"; };
		506A3668156C8AEB006B3F64 /* CPTGraphHostingView.h */ = {isa = PBXFileReference; fileEncoding = 4; lastKnownFileType = sourcecode.c.h; path = CPTGraphHostingView.h; sourceTree = "<group>"; };
		506A3669156C8AEB006B3F64 /* CPTGridLineGroup.h */ = {isa = PBXFileReference; fileEncoding = 4; lastKnownFileType = sourcecode.c.h; path = CPTGridLineGroup.h; sourceTree = "<group>"; };
		506A366A156C8AEB006B3F64 /* CPTGridLines.h */ = {isa = PBXFileReference; fileEncoding = 4; lastKnownFileType = sourcecode.c.h; path = CPTGridLines.h; sourceTree = "<group>"; };
		506A366B156C8AEB006B3F64 /* CPTImage.h */ = {isa = PBXFileReference; fileEncoding = 4; lastKnownFileType = sourcecode.c.h; path = CPTImage.h; sourceTree = "<group>"; };
		506A366C156C8AEB006B3F64 /* CPTLayer.h */ = {isa = PBXFileReference; fileEncoding = 4; lastKnownFileType = sourcecode.c.h; path = CPTLayer.h; sourceTree = "<group>"; };
		506A366D156C8AEB006B3F64 /* CPTLayerAnnotation.h */ = {isa = PBXFileReference; fileEncoding = 4; lastKnownFileType = sourcecode.c.h; path = CPTLayerAnnotation.h; sourceTree = "<group>"; };
		506A366E156C8AEB006B3F64 /* CPTLegend.h */ = {isa = PBXFileReference; fileEncoding = 4; lastKnownFileType = sourcecode.c.h; path = CPTLegend.h; sourceTree = "<group>"; };
		506A366F156C8AEB006B3F64 /* CPTLegendEntry.h */ = {isa = PBXFileReference; fileEncoding = 4; lastKnownFileType = sourcecode.c.h; path = CPTLegendEntry.h; sourceTree = "<group>"; };
		506A3670156C8AEB006B3F64 /* CPTLimitBand.h */ = {isa = PBXFileReference; fileEncoding = 4; lastKnownFileType = sourcecode.c.h; path = CPTLimitBand.h; sourceTree = "<group>"; };
		506A3671156C8AEB006B3F64 /* CPTLineCap.h */ = {isa = PBXFileReference; fileEncoding = 4; lastKnownFileType = sourcecode.c.h; path = CPTLineCap.h; sourceTree = "<group>"; };
		506A3672156C8AEB006B3F64 /* CPTLineStyle.h */ = {isa = PBXFileReference; fileEncoding = 4; lastKnownFileType = sourcecode.c.h; path = CPTLineStyle.h; sourceTree = "<group>"; };
		506A3673156C8AEB006B3F64 /* CPTMutableLineStyle.h */ = {isa = PBXFileReference; fileEncoding = 4; lastKnownFileType = sourcecode.c.h; path = CPTMutableLineStyle.h; sourceTree = "<group>"; };
		506A3674156C8AEB006B3F64 /* CPTMutableNumericData+TypeConversion.h */ = {isa = PBXFileReference; fileEncoding = 4; lastKnownFileType = sourcecode.c.h; path = "CPTMutableNumericData+TypeConversion.h"; sourceTree = "<group>"; };
		506A3675156C8AEB006B3F64 /* CPTMutableNumericData.h */ = {isa = PBXFileReference; fileEncoding = 4; lastKnownFileType = sourcecode.c.h; path = CPTMutableNumericData.h; sourceTree = "<group>"; };
		506A3676156C8AEB006B3F64 /* CPTMutablePlotRange.h */ = {isa = PBXFileReference; fileEncoding = 4; lastKnownFileType = sourcecode.c.h; path = CPTMutablePlotRange.h; sourceTree = "<group>"; };
		506A3677156C8AEB006B3F64 /* CPTMutableShadow.h */ = {isa = PBXFileReference; fileEncoding = 4; lastKnownFileType = sourcecode.c.h; path = CPTMutableShadow.h; sourceTree = "<group>"; };
		506A3678156C8AEB006B3F64 /* CPTMutableTextStyle.h */ = {isa = PBXFileReference; fileEncoding = 4; lastKnownFileType = sourcecode.c.h; path = CPTMutableTextStyle.h; sourceTree = "<group>"; };
		506A3679156C8AEB006B3F64 /* CPTNumericData+TypeConversion.h */ = {isa = PBXFileReference; fileEncoding = 4; lastKnownFileType = sourcecode.c.h; path = "CPTNumericData+TypeConversion.h"; sourceTree = "<group>"; };
		506A367A156C8AEB006B3F64 /* CPTNumericData.h */ = {isa = PBXFileReference; fileEncoding = 4; lastKnownFileType = sourcecode.c.h; path = CPTNumericData.h; sourceTree = "<group>"; };
		506A367B156C8AEB006B3F64 /* CPTNumericDataType.h */ = {isa = PBXFileReference; fileEncoding = 4; lastKnownFileType = sourcecode.c.h; path = CPTNumericDataType.h; sourceTree = "<group>"; };
		506A367C156C8AEB006B3F64 /* CPTPathExtensions.h */ = {isa = PBXFileReference; fileEncoding = 4; lastKnownFileType = sourcecode.c.h; path = CPTPathExtensions.h; sourceTree = "<group>"; };
		506A367D156C8AEB006B3F64 /* CPTPieChart.h */ = {isa = PBXFileReference; fileEncoding = 4; lastKnownFileType = sourcecode.c.h; path = CPTPieChart.h; sourceTree = "<group>"; };
		506A367E156C8AEB006B3F64 /* CPTPlatformSpecificCategories.h */ = {isa = PBXFileReference; fileEncoding = 4; lastKnownFileType = sourcecode.c.h; path = CPTPlatformSpecificCategories.h; sourceTree = "<group>"; };
		506A367F156C8AEB006B3F64 /* CPTPlatformSpecificDefines.h */ = {isa = PBXFileReference; fileEncoding = 4; lastKnownFileType = sourcecode.c.h; path = CPTPlatformSpecificDefines.h; sourceTree = "<group>"; };
		506A3680156C8AEB006B3F64 /* CPTPlatformSpecificFunctions.h */ = {isa = PBXFileReference; fileEncoding = 4; lastKnownFileType = sourcecode.c.h; path = CPTPlatformSpecificFunctions.h; sourceTree = "<group>"; };
		506A3681156C8AEB006B3F64 /* CPTPlot.h */ = {isa = PBXFileReference; fileEncoding = 4; lastKnownFileType = sourcecode.c.h; path = CPTPlot.h; sourceTree = "<group>"; };
		506A3682156C8AEB006B3F64 /* CPTPlotArea.h */ = {isa = PBXFileReference; fileEncoding = 4; lastKnownFileType = sourcecode.c.h; path = CPTPlotArea.h; sourceTree = "<group>"; };
		506A3683156C8AEB006B3F64 /* CPTPlotAreaFrame.h */ = {isa = PBXFileReference; fileEncoding = 4; lastKnownFileType = sourcecode.c.h; path = CPTPlotAreaFrame.h; sourceTree = "<group>"; };
		506A3684156C8AEB006B3F64 /* CPTPlotGroup.h */ = {isa = PBXFileReference; fileEncoding = 4; lastKnownFileType = sourcecode.c.h; path = CPTPlotGroup.h; sourceTree = "<group>"; };
		506A3685156C8AEB006B3F64 /* CPTPlotRange.h */ = {isa = PBXFileReference; fileEncoding = 4; lastKnownFileType = sourcecode.c.h; path = CPTPlotRange.h; sourceTree = "<group>"; };
		506A3686156C8AEB006B3F64 /* CPTPlotSpace.h */ = {isa = PBXFileReference; fileEncoding = 4; lastKnownFileType = sourcecode.c.h; path = CPTPlotSpace.h; sourceTree = "<group>"; };
		506A3687156C8AEB006B3F64 /* CPTPlotSpaceAnnotation.h */ = {isa = PBXFileReference; fileEncoding = 4; lastKnownFileType = sourcecode.c.h; path = CPTPlotSpaceAnnotation.h; sourceTree = "<group>"; };
		506A3688156C8AEB006B3F64 /* CPTPlotSymbol.h */ = {isa = PBXFileReference; fileEncoding = 4; lastKnownFileType = sourcecode.c.h; path = CPTPlotSymbol.h; sourceTree = "<group>"; };
		506A3689156C8AEB006B3F64 /* CPTRangePlot.h */ = {isa = PBXFileReference; fileEncoding = 4; lastKnownFileType = sourcecode.c.h; path = CPTRangePlot.h; sourceTree = "<group>"; };
		506A368A156C8AEB006B3F64 /* CPTResponder.h */ = {isa = PBXFileReference; fileEncoding = 4; lastKnownFileType = sourcecode.c.h; path = CPTResponder.h; sourceTree = "<group>"; };
		506A368B156C8AEB006B3F64 /* CPTScatterPlot.h */ = {isa = PBXFileReference; fileEncoding = 4; lastKnownFileType = sourcecode.c.h; path = CPTScatterPlot.h; sourceTree = "<group>"; };
		506A368C156C8AEB006B3F64 /* CPTShadow.h */ = {isa = PBXFileReference; fileEncoding = 4; lastKnownFileType = sourcecode.c.h; path = CPTShadow.h; sourceTree = "<group>"; };
		506A368D156C8AEB006B3F64 /* CPTTextLayer.h */ = {isa = PBXFileReference; fileEncoding = 4; lastKnownFileType = sourcecode.c.h; path = CPTTextLayer.h; sourceTree = "<group>"; };
		506A368E156C8AEB006B3F64 /* CPTTextStyle.h */ = {isa = PBXFileReference; fileEncoding = 4; lastKnownFileType = sourcecode.c.h; path = CPTTextStyle.h; sourceTree = "<group>"; };
		506A368F156C8AEB006B3F64 /* CPTTheme.h */ = {isa = PBXFileReference; fileEncoding = 4; lastKnownFileType = sourcecode.c.h; path = CPTTheme.h; sourceTree = "<group>"; };
		506A3690156C8AEB006B3F64 /* CPTTimeFormatter.h */ = {isa = PBXFileReference; fileEncoding = 4; lastKnownFileType = sourcecode.c.h; path = CPTTimeFormatter.h; sourceTree = "<group>"; };
		506A3691156C8AEB006B3F64 /* CPTTradingRangePlot.h */ = {isa = PBXFileReference; fileEncoding = 4; lastKnownFileType = sourcecode.c.h; path = CPTTradingRangePlot.h; sourceTree = "<group>"; };
		506A3692156C8AEB006B3F64 /* CPTUtilities.h */ = {isa = PBXFileReference; fileEncoding = 4; lastKnownFileType = sourcecode.c.h; path = CPTUtilities.h; sourceTree = "<group>"; };
		506A3693156C8AEB006B3F64 /* CPTXYAxis.h */ = {isa = PBXFileReference; fileEncoding = 4; lastKnownFileType = sourcecode.c.h; path = CPTXYAxis.h; sourceTree = "<group>"; };
		506A3694156C8AEB006B3F64 /* CPTXYAxisSet.h */ = {isa = PBXFileReference; fileEncoding = 4; lastKnownFileType = sourcecode.c.h; path = CPTXYAxisSet.h; sourceTree = "<group>"; };
		506A3695156C8AEB006B3F64 /* CPTXYGraph.h */ = {isa = PBXFileReference; fileEncoding = 4; lastKnownFileType = sourcecode.c.h; path = CPTXYGraph.h; sourceTree = "<group>"; };
		506A3696156C8AEB006B3F64 /* CPTXYPlotSpace.h */ = {isa = PBXFileReference; fileEncoding = 4; lastKnownFileType = sourcecode.c.h; path = CPTXYPlotSpace.h; sourceTree = "<group>"; };
		506A3697156C8AEB006B3F64 /* NSCoderExtensions.h */ = {isa = PBXFileReference; fileEncoding = 4; lastKnownFileType = sourcecode.c.h; path = NSCoderExtensions.h; sourceTree = "<group>"; };
		506A3698156C8AEB006B3F64 /* NSDecimalNumberExtensions.h */ = {isa = PBXFileReference; fileEncoding = 4; lastKnownFileType = sourcecode.c.h; path = NSDecimalNumberExtensions.h; sourceTree = "<group>"; };
		506A3699156C8AEB006B3F64 /* NSNumberExtensions.h */ = {isa = PBXFileReference; fileEncoding = 4; lastKnownFileType = sourcecode.c.h; path = NSNumberExtensions.h; sourceTree = "<group>"; };
		506A369A156C8AEB006B3F64 /* libCorePlot-CocoaTouch.a */ = {isa = PBXFileReference; lastKnownFileType = archive.ar; path = "libCorePlot-CocoaTouch.a"; sourceTree = "<group>"; };
		506A369D156C8B44006B3F64 /* DefaultUser.png */ = {isa = PBXFileReference; lastKnownFileType = image.png; path = DefaultUser.png; sourceTree = "<group>"; };
		506A369E156C8B44006B3F64 /* noresource.png */ = {isa = PBXFileReference; lastKnownFileType = image.png; path = noresource.png; sourceTree = "<group>"; };
		506A369F156C8B44006B3F64 /* noresource@2x.png */ = {isa = PBXFileReference; lastKnownFileType = image.png; path = "noresource@2x.png"; sourceTree = "<group>"; };
		506A36A0156C8B44006B3F64 /* ProfilePicturePlaceholder.png */ = {isa = PBXFileReference; lastKnownFileType = image.png; path = ProfilePicturePlaceholder.png; sourceTree = "<group>"; };
		506A36A1156C8B44006B3F64 /* VerifiedTwitter.png */ = {isa = PBXFileReference; lastKnownFileType = image.png; path = VerifiedTwitter.png; sourceTree = "<group>"; };
		506A36A2156C8B44006B3F64 /* VerifiedTwitter@2x.png */ = {isa = PBXFileReference; lastKnownFileType = image.png; path = "VerifiedTwitter@2x.png"; sourceTree = "<group>"; };
		5089487615315CB000A66EFA /* PBTweet.h */ = {isa = PBXFileReference; fileEncoding = 4; lastKnownFileType = sourcecode.c.h; path = PBTweet.h; sourceTree = "<group>"; };
		5089487715315CB000A66EFA /* PBTweet.m */ = {isa = PBXFileReference; fileEncoding = 4; lastKnownFileType = sourcecode.c.objc; path = PBTweet.m; sourceTree = "<group>"; };
		50894879153160F700A66EFA /* PBTUser.h */ = {isa = PBXFileReference; fileEncoding = 4; lastKnownFileType = sourcecode.c.h; path = PBTUser.h; sourceTree = "<group>"; };
		5089487A153160F700A66EFA /* PBTUser.m */ = {isa = PBXFileReference; fileEncoding = 4; lastKnownFileType = sourcecode.c.objc; path = PBTUser.m; sourceTree = "<group>"; };
		5089487C1531742500A66EFA /* Twitter.framework */ = {isa = PBXFileReference; lastKnownFileType = wrapper.framework; name = Twitter.framework; path = System/Library/Frameworks/Twitter.framework; sourceTree = SDKROOT; };
		5089487E1531794600A66EFA /* Accounts.framework */ = {isa = PBXFileReference; lastKnownFileType = wrapper.framework; name = Accounts.framework; path = System/Library/Frameworks/Accounts.framework; sourceTree = SDKROOT; };
		5093C6DF1539EA49001D279C /* StatwittsticsDefines.h */ = {isa = PBXFileReference; lastKnownFileType = sourcecode.c.h; path = StatwittsticsDefines.h; sourceTree = "<group>"; };
		5093C6E4153A059D001D279C /* PBTKit.h */ = {isa = PBXFileReference; lastKnownFileType = sourcecode.c.h; path = PBTKit.h; sourceTree = "<group>"; };
		5093C6E5153A3F66001D279C /* PBTUserView.h */ = {isa = PBXFileReference; fileEncoding = 4; lastKnownFileType = sourcecode.c.h; path = PBTUserView.h; sourceTree = "<group>"; };
		5093C6E6153A3F66001D279C /* PBTUserView.m */ = {isa = PBXFileReference; fileEncoding = 4; lastKnownFileType = sourcecode.c.objc; path = PBTUserView.m; sourceTree = "<group>"; };
		50B5DE86152EB92800661492 /* Statwittstics.app */ = {isa = PBXFileReference; explicitFileType = wrapper.application; includeInIndex = 0; path = Statwittstics.app; sourceTree = BUILT_PRODUCTS_DIR; };
		50B5DE8A152EB92800661492 /* UIKit.framework */ = {isa = PBXFileReference; lastKnownFileType = wrapper.framework; name = UIKit.framework; path = System/Library/Frameworks/UIKit.framework; sourceTree = SDKROOT; };
		50B5DE8C152EB92800661492 /* Foundation.framework */ = {isa = PBXFileReference; lastKnownFileType = wrapper.framework; name = Foundation.framework; path = System/Library/Frameworks/Foundation.framework; sourceTree = SDKROOT; };
		50B5DE8E152EB92800661492 /* CoreGraphics.framework */ = {isa = PBXFileReference; lastKnownFileType = wrapper.framework; name = CoreGraphics.framework; path = System/Library/Frameworks/CoreGraphics.framework; sourceTree = SDKROOT; };
		50B5DE92152EB92800661492 /* Statwittstics-Info.plist */ = {isa = PBXFileReference; lastKnownFileType = text.plist.xml; path = "Statwittstics-Info.plist"; sourceTree = "<group>"; };
		50B5DE94152EB92800661492 /* en */ = {isa = PBXFileReference; lastKnownFileType = text.plist.strings; name = en; path = en.lproj/InfoPlist.strings; sourceTree = "<group>"; };
		50B5DE96152EB92800661492 /* main.m */ = {isa = PBXFileReference; lastKnownFileType = sourcecode.c.objc; path = main.m; sourceTree = "<group>"; };
		50B5DE98152EB92800661492 /* Statwittstics-Prefix.pch */ = {isa = PBXFileReference; lastKnownFileType = sourcecode.c.h; path = "Statwittstics-Prefix.pch"; sourceTree = "<group>"; };
		50B5DE99152EB92800661492 /* AppDelegate.h */ = {isa = PBXFileReference; lastKnownFileType = sourcecode.c.h; path = AppDelegate.h; sourceTree = "<group>"; };
		50B5DE9A152EB92800661492 /* AppDelegate.m */ = {isa = PBXFileReference; lastKnownFileType = sourcecode.c.objc; path = AppDelegate.m; sourceTree = "<group>"; };
		50B5DEA1152EB9CF00661492 /* PBDataSet.h */ = {isa = PBXFileReference; lastKnownFileType = sourcecode.c.h; path = PBDataSet.h; sourceTree = "<group>"; };
		50B5DEA2152EB9CF00661492 /* PBDataSet.m */ = {isa = PBXFileReference; lastKnownFileType = sourcecode.c.objc; path = PBDataSet.m; sourceTree = "<group>"; };
		50B5DEA3152EB9CF00661492 /* PBKit.h */ = {isa = PBXFileReference; lastKnownFileType = sourcecode.c.h; path = PBKit.h; sourceTree = "<group>"; };
		50B5DEA4152EB9CF00661492 /* PBPlot.h */ = {isa = PBXFileReference; lastKnownFileType = sourcecode.c.h; path = PBPlot.h; sourceTree = "<group>"; };
		50B5DEA5152EB9CF00661492 /* PBPlot.m */ = {isa = PBXFileReference; lastKnownFileType = sourcecode.c.objc; path = PBPlot.m; sourceTree = "<group>"; };
		50B5DEA6152EB9CF00661492 /* PBUtilities.h */ = {isa = PBXFileReference; lastKnownFileType = sourcecode.c.h; path = PBUtilities.h; sourceTree = "<group>"; };
		50B5DEA7152EB9CF00661492 /* PBUtilities.m */ = {isa = PBXFileReference; lastKnownFileType = sourcecode.c.objc; path = PBUtilities.m; sourceTree = "<group>"; };
		50B5DEFD152EBA3700661492 /* QuartzCore.framework */ = {isa = PBXFileReference; lastKnownFileType = wrapper.framework; name = QuartzCore.framework; path = System/Library/Frameworks/QuartzCore.framework; sourceTree = SDKROOT; };
		50B5DF05152EBB8500661492 /* Home.xib */ = {isa = PBXFileReference; fileEncoding = 4; lastKnownFileType = file.xib; path = Home.xib; sourceTree = "<group>"; };
		50B5DF07152EBBA500661492 /* HomeViewController.h */ = {isa = PBXFileReference; fileEncoding = 4; lastKnownFileType = sourcecode.c.h; path = HomeViewController.h; sourceTree = "<group>"; };
		50B5DF08152EBBA500661492 /* HomeViewController.m */ = {isa = PBXFileReference; fileEncoding = 4; lastKnownFileType = sourcecode.c.objc; path = HomeViewController.m; sourceTree = "<group>"; };
		50CAAC431544F0A300641D90 /* FindUserViewController.h */ = {isa = PBXFileReference; fileEncoding = 4; lastKnownFileType = sourcecode.c.h; path = FindUserViewController.h; sourceTree = "<group>"; };
		50CAAC441544F0A300641D90 /* FindUserViewController.m */ = {isa = PBXFileReference; fileEncoding = 4; lastKnownFileType = sourcecode.c.objc; path = FindUserViewController.m; sourceTree = "<group>"; };
		50CAAC50154525A600641D90 /* PBTUtilities.h */ = {isa = PBXFileReference; fileEncoding = 4; lastKnownFileType = sourcecode.c.h; path = PBTUtilities.h; sourceTree = "<group>"; };
		50CAAC51154525A600641D90 /* PBTUtilities.m */ = {isa = PBXFileReference; fileEncoding = 4; lastKnownFileType = sourcecode.c.objc; path = PBTUtilities.m; sourceTree = "<group>"; };
		50CD10C0153BC640004F7229 /* PBTConstants.h */ = {isa = PBXFileReference; fileEncoding = 4; lastKnownFileType = sourcecode.c.h; path = PBTConstants.h; sourceTree = "<group>"; };
		50CD10C1153BC640004F7229 /* PBTConstants.m */ = {isa = PBXFileReference; fileEncoding = 4; lastKnownFileType = sourcecode.c.objc; path = PBTConstants.m; sourceTree = "<group>"; };
		50DAD19615C5162900097176 /* Icon-72.png */ = {isa = PBXFileReference; lastKnownFileType = image.png; path = "Icon-72.png"; sourceTree = "<group>"; };
		50DAD19715C5162900097176 /* Icon-Small-50.png */ = {isa = PBXFileReference; lastKnownFileType = image.png; path = "Icon-Small-50.png"; sourceTree = "<group>"; };
		50DAD19815C5162900097176 /* Icon-Small.png */ = {isa = PBXFileReference; lastKnownFileType = image.png; path = "Icon-Small.png"; sourceTree = "<group>"; };
		50DAD19915C5162900097176 /* Icon.png */ = {isa = PBXFileReference; lastKnownFileType = image.png; path = Icon.png; sourceTree = "<group>"; };
		50DAD19A15C5162900097176 /* Icon@2x.png */ = {isa = PBXFileReference; lastKnownFileType = image.png; path = "Icon@2x.png"; sourceTree = "<group>"; };
		50DAD19B15C5162900097176 /* iTunesArtwork.png */ = {isa = PBXFileReference; lastKnownFileType = image.png; path = iTunesArtwork.png; sourceTree = "<group>"; };
		50E4E2AE155F9F8C00AF606C /* PBXYVisualization.h */ = {isa = PBXFileReference; fileEncoding = 4; lastKnownFileType = sourcecode.c.h; path = PBXYVisualization.h; sourceTree = "<group>"; };
		50E4E2AF155F9F8C00AF606C /* PBXYVisualization.m */ = {isa = PBXFileReference; fileEncoding = 4; lastKnownFileType = sourcecode.c.objc; path = PBXYVisualization.m; sourceTree = "<group>"; };
/* End PBXFileReference section */

/* Begin PBXFrameworksBuildPhase section */
		50B5DE83152EB92800661492 /* Frameworks */ = {
			isa = PBXFrameworksBuildPhase;
			buildActionMask = 2147483647;
			files = (
				5089487F1531794600A66EFA /* Accounts.framework in Frameworks */,
				50B5DE8F152EB92800661492 /* CoreGraphics.framework in Frameworks */,
				50B5DE8D152EB92800661492 /* Foundation.framework in Frameworks */,
				50B5DEFE152EBA3700661492 /* QuartzCore.framework in Frameworks */,
				5089487D1531742500A66EFA /* Twitter.framework in Frameworks */,
				50B5DE8B152EB92800661492 /* UIKit.framework in Frameworks */,
				506A369B156C8AEB006B3F64 /* libCorePlot-CocoaTouch.a in Frameworks */,
			);
			runOnlyForDeploymentPostprocessing = 0;
		};
/* End PBXFrameworksBuildPhase section */

/* Begin PBXGroup section */
		503B6D5B154D0838003904F9 /* Uitilities */ = {
			isa = PBXGroup;
			children = (
				503B6D57154D0831003904F9 /* GIDAAlertView.h */,
				503B6D58154D0831003904F9 /* GIDAAlertView.m */,
			);
			name = Uitilities;
			sourceTree = "<group>";
		};
		506A3649156C8AEB006B3F64 /* CorePlot */ = {
			isa = PBXGroup;
			children = (
				506A364A156C8AEB006B3F64 /* Headers */,
				506A369A156C8AEB006B3F64 /* libCorePlot-CocoaTouch.a */,
			);
			path = CorePlot;
			sourceTree = "<group>";
		};
		506A364A156C8AEB006B3F64 /* Headers */ = {
			isa = PBXGroup;
			children = (
				506A364B156C8AEB006B3F64 /* _CPTConstraintsFixed.h */,
				506A364C156C8AEB006B3F64 /* _CPTConstraintsRelative.h */,
				506A364D156C8AEB006B3F64 /* _CPTDarkGradientTheme.h */,
				506A364E156C8AEB006B3F64 /* _CPTFillColor.h */,
				506A364F156C8AEB006B3F64 /* _CPTFillGradient.h */,
				506A3650156C8AEB006B3F64 /* _CPTFillImage.h */,
				506A3651156C8AEB006B3F64 /* _CPTPlainBlackTheme.h */,
				506A3652156C8AEB006B3F64 /* _CPTPlainWhiteTheme.h */,
				506A3653156C8AEB006B3F64 /* _CPTSlateTheme.h */,
				506A3654156C8AEB006B3F64 /* _CPTStocksTheme.h */,
				506A3655156C8AEB006B3F64 /* _CPTXYTheme.h */,
				506A3656156C8AEB006B3F64 /* CorePlot-CocoaTouch.h */,
				506A3657156C8AEB006B3F64 /* CPTAnnotation.h */,
				506A3658156C8AEB006B3F64 /* CPTAnnotationHostLayer.h */,
				506A3659156C8AEB006B3F64 /* CPTAxis.h */,
				506A365A156C8AEB006B3F64 /* CPTAxisLabel.h */,
				506A365B156C8AEB006B3F64 /* CPTAxisLabelGroup.h */,
				506A365C156C8AEB006B3F64 /* CPTAxisSet.h */,
				506A365D156C8AEB006B3F64 /* CPTAxisTitle.h */,
				506A365E156C8AEB006B3F64 /* CPTBarPlot.h */,
				506A365F156C8AEB006B3F64 /* CPTBorderedLayer.h */,
				506A3660156C8AEB006B3F64 /* CPTColor.h */,
				506A3661156C8AEB006B3F64 /* CPTColorSpace.h */,
				506A3662156C8AEB006B3F64 /* CPTConstraints.h */,
				506A3663156C8AEB006B3F64 /* CPTDefinitions.h */,
				506A3664156C8AEB006B3F64 /* CPTExceptions.h */,
				506A3665156C8AEB006B3F64 /* CPTFill.h */,
				506A3666156C8AEB006B3F64 /* CPTGradient.h */,
				506A3667156C8AEB006B3F64 /* CPTGraph.h */,
				506A3668156C8AEB006B3F64 /* CPTGraphHostingView.h */,
				506A3669156C8AEB006B3F64 /* CPTGridLineGroup.h */,
				506A366A156C8AEB006B3F64 /* CPTGridLines.h */,
				506A366B156C8AEB006B3F64 /* CPTImage.h */,
				506A366C156C8AEB006B3F64 /* CPTLayer.h */,
				506A366D156C8AEB006B3F64 /* CPTLayerAnnotation.h */,
				506A366E156C8AEB006B3F64 /* CPTLegend.h */,
				506A366F156C8AEB006B3F64 /* CPTLegendEntry.h */,
				506A3670156C8AEB006B3F64 /* CPTLimitBand.h */,
				506A3671156C8AEB006B3F64 /* CPTLineCap.h */,
				506A3672156C8AEB006B3F64 /* CPTLineStyle.h */,
				506A3673156C8AEB006B3F64 /* CPTMutableLineStyle.h */,
				506A3674156C8AEB006B3F64 /* CPTMutableNumericData+TypeConversion.h */,
				506A3675156C8AEB006B3F64 /* CPTMutableNumericData.h */,
				506A3676156C8AEB006B3F64 /* CPTMutablePlotRange.h */,
				506A3677156C8AEB006B3F64 /* CPTMutableShadow.h */,
				506A3678156C8AEB006B3F64 /* CPTMutableTextStyle.h */,
				506A3679156C8AEB006B3F64 /* CPTNumericData+TypeConversion.h */,
				506A367A156C8AEB006B3F64 /* CPTNumericData.h */,
				506A367B156C8AEB006B3F64 /* CPTNumericDataType.h */,
				506A367C156C8AEB006B3F64 /* CPTPathExtensions.h */,
				506A367D156C8AEB006B3F64 /* CPTPieChart.h */,
				506A367E156C8AEB006B3F64 /* CPTPlatformSpecificCategories.h */,
				506A367F156C8AEB006B3F64 /* CPTPlatformSpecificDefines.h */,
				506A3680156C8AEB006B3F64 /* CPTPlatformSpecificFunctions.h */,
				506A3681156C8AEB006B3F64 /* CPTPlot.h */,
				506A3682156C8AEB006B3F64 /* CPTPlotArea.h */,
				506A3683156C8AEB006B3F64 /* CPTPlotAreaFrame.h */,
				506A3684156C8AEB006B3F64 /* CPTPlotGroup.h */,
				506A3685156C8AEB006B3F64 /* CPTPlotRange.h */,
				506A3686156C8AEB006B3F64 /* CPTPlotSpace.h */,
				506A3687156C8AEB006B3F64 /* CPTPlotSpaceAnnotation.h */,
				506A3688156C8AEB006B3F64 /* CPTPlotSymbol.h */,
				506A3689156C8AEB006B3F64 /* CPTRangePlot.h */,
				506A368A156C8AEB006B3F64 /* CPTResponder.h */,
				506A368B156C8AEB006B3F64 /* CPTScatterPlot.h */,
				506A368C156C8AEB006B3F64 /* CPTShadow.h */,
				506A368D156C8AEB006B3F64 /* CPTTextLayer.h */,
				506A368E156C8AEB006B3F64 /* CPTTextStyle.h */,
				506A368F156C8AEB006B3F64 /* CPTTheme.h */,
				506A3690156C8AEB006B3F64 /* CPTTimeFormatter.h */,
				506A3691156C8AEB006B3F64 /* CPTTradingRangePlot.h */,
				506A3692156C8AEB006B3F64 /* CPTUtilities.h */,
				506A3693156C8AEB006B3F64 /* CPTXYAxis.h */,
				506A3694156C8AEB006B3F64 /* CPTXYAxisSet.h */,
				506A3695156C8AEB006B3F64 /* CPTXYGraph.h */,
				506A3696156C8AEB006B3F64 /* CPTXYPlotSpace.h */,
				506A3697156C8AEB006B3F64 /* NSCoderExtensions.h */,
				506A3698156C8AEB006B3F64 /* NSDecimalNumberExtensions.h */,
				506A3699156C8AEB006B3F64 /* NSNumberExtensions.h */,
			);
			path = Headers;
			sourceTree = "<group>";
		};
		506A369C156C8B44006B3F64 /* Resources */ = {
			isa = PBXGroup;
			children = (
				506A369D156C8B44006B3F64 /* DefaultUser.png */,
				506A369E156C8B44006B3F64 /* noresource.png */,
				506A369F156C8B44006B3F64 /* noresource@2x.png */,
				506A36A0156C8B44006B3F64 /* ProfilePicturePlaceholder.png */,
				506A36A1156C8B44006B3F64 /* VerifiedTwitter.png */,
				506A36A2156C8B44006B3F64 /* VerifiedTwitter@2x.png */,
				50DAD19615C5162900097176 /* Icon-72.png */,
				50DAD19715C5162900097176 /* Icon-Small-50.png */,
				50DAD19815C5162900097176 /* Icon-Small.png */,
				50DAD19915C5162900097176 /* Icon.png */,
				50DAD19A15C5162900097176 /* Icon@2x.png */,
				50DAD19B15C5162900097176 /* iTunesArtwork.png */,
			);
			path = Resources;
			sourceTree = "<group>";
		};
		5089487415315C6A00A66EFA /* Twitter */ = {
			isa = PBXGroup;
			children = (
				5093C6E4153A059D001D279C /* PBTKit.h */,
				503807181533F98600CD6783 /* PBTDefines.h */,
				50CD10C0153BC640004F7229 /* PBTConstants.h */,
				50CD10C1153BC640004F7229 /* PBTConstants.m */,
				5089487615315CB000A66EFA /* PBTweet.h */,
				5089487715315CB000A66EFA /* PBTweet.m */,
				50894879153160F700A66EFA /* PBTUser.h */,
				5089487A153160F700A66EFA /* PBTUser.m */,
				5093C6E5153A3F66001D279C /* PBTUserView.h */,
				5093C6E6153A3F66001D279C /* PBTUserView.m */,
				50CAAC50154525A600641D90 /* PBTUtilities.h */,
				50CAAC51154525A600641D90 /* PBTUtilities.m */,
			);
			name = Twitter;
			sourceTree = "<group>";
		};
		50B5DE7B152EB92800661492 = {
			isa = PBXGroup;
			children = (
				50B5DE90152EB92800661492 /* Statwittstics */,
				506A369C156C8B44006B3F64 /* Resources */,
				50B5DF04152EBB3800661492 /* NIBs */,
				50B5DE91152EB92800661492 /* Supporting Files */,
				50B5DE89152EB92800661492 /* Frameworks */,
				50B5DE87152EB92800661492 /* Products */,
			);
			sourceTree = "<group>";
		};
		50B5DE87152EB92800661492 /* Products */ = {
			isa = PBXGroup;
			children = (
				50B5DE86152EB92800661492 /* Statwittstics.app */,
			);
			name = Products;
			sourceTree = "<group>";
		};
		50B5DE89152EB92800661492 /* Frameworks */ = {
			isa = PBXGroup;
			children = (
				506A3649156C8AEB006B3F64 /* CorePlot */,
				5089487E1531794600A66EFA /* Accounts.framework */,
				50B5DE8E152EB92800661492 /* CoreGraphics.framework */,
				50B5DE8C152EB92800661492 /* Foundation.framework */,
				50B5DEFD152EBA3700661492 /* QuartzCore.framework */,
				5089487C1531742500A66EFA /* Twitter.framework */,
				50B5DE8A152EB92800661492 /* UIKit.framework */,
			);
			name = Frameworks;
			sourceTree = "<group>";
		};
		50B5DE90152EB92800661492 /* Statwittstics */ = {
			isa = PBXGroup;
			children = (
				5093C6DF1539EA49001D279C /* StatwittsticsDefines.h */,
				50B5DE99152EB92800661492 /* AppDelegate.h */,
				50B5DE9A152EB92800661492 /* AppDelegate.m */,
				50B5DF07152EBBA500661492 /* HomeViewController.h */,
				50B5DF08152EBBA500661492 /* HomeViewController.m */,
				50CAAC431544F0A300641D90 /* FindUserViewController.h */,
				50CAAC441544F0A300641D90 /* FindUserViewController.m */,
				5029638C153E6C3500DFD6AF /* AboutViewController.h */,
				5029638D153E6C3500DFD6AF /* AboutViewController.m */,
				50B5DF00152EBAA700661492 /* PBKit */,
				5089487415315C6A00A66EFA /* Twitter */,
				503B6D5B154D0838003904F9 /* Uitilities */,
			);
			path = Statwittstics;
			sourceTree = "<group>";
		};
		50B5DE91152EB92800661492 /* Supporting Files */ = {
			isa = PBXGroup;
			children = (
				50B5DE92152EB92800661492 /* Statwittstics-Info.plist */,
				50B5DE93152EB92800661492 /* InfoPlist.strings */,
				50B5DE96152EB92800661492 /* main.m */,
				50B5DE98152EB92800661492 /* Statwittstics-Prefix.pch */,
			);
			name = "Supporting Files";
			path = Statwittstics;
			sourceTree = "<group>";
		};
		50B5DF00152EBAA700661492 /* PBKit */ = {
			isa = PBXGroup;
			children = (
				50B5DEA3152EB9CF00661492 /* PBKit.h */,
				5046DEC1155F433700AACBA9 /* PBDefines.h */,
				5046DEC5155F724E00AACBA9 /* PBConstants.h */,
				5046DEC6155F724E00AACBA9 /* PBConstants.m */,
				50B5DEA1152EB9CF00661492 /* PBDataSet.h */,
				50B5DEA2152EB9CF00661492 /* PBDataSet.m */,
				5046DEC2155F697C00AACBA9 /* PBVisualization.h */,
				5046DEC3155F697C00AACBA9 /* PBVisualization.m */,
				50E4E2AE155F9F8C00AF606C /* PBXYVisualization.h */,
				50E4E2AF155F9F8C00AF606C /* PBXYVisualization.m */,
				50B5DEA4152EB9CF00661492 /* PBPlot.h */,
				50B5DEA5152EB9CF00661492 /* PBPlot.m */,
				5046DEBD155F40F300AACBA9 /* PBBar.h */,
				5046DEBE155F40F300AACBA9 /* PBBar.m */,
				50B5DEA6152EB9CF00661492 /* PBUtilities.h */,
				50B5DEA7152EB9CF00661492 /* PBUtilities.m */,
			);
			name = PBKit;
			sourceTree = "<group>";
		};
		50B5DF04152EBB3800661492 /* NIBs */ = {
			isa = PBXGroup;
			children = (
				50B5DF05152EBB8500661492 /* Home.xib */,
				5029638E153E6C3500DFD6AF /* AboutViewController.xib */,
			);
			name = NIBs;
			path = Statwittstics;
			sourceTree = "<group>";
		};
/* End PBXGroup section */

/* Begin PBXNativeTarget section */
		50B5DE85152EB92800661492 /* Statwittstics */ = {
			isa = PBXNativeTarget;
			buildConfigurationList = 50B5DE9E152EB92800661492 /* Build configuration list for PBXNativeTarget "Statwittstics" */;
			buildPhases = (
				50B5DE82152EB92800661492 /* Sources */,
				50B5DE83152EB92800661492 /* Frameworks */,
				50B5DE84152EB92800661492 /* Resources */,
			);
			buildRules = (
			);
			dependencies = (
			);
			name = Statwittstics;
			productName = Statwittstics;
			productReference = 50B5DE86152EB92800661492 /* Statwittstics.app */;
			productType = "com.apple.product-type.application";
		};
/* End PBXNativeTarget section */

/* Begin PBXProject section */
		50B5DE7D152EB92800661492 /* Project object */ = {
			isa = PBXProject;
			attributes = {
				LastUpgradeCheck = 0430;
				ORGANIZATIONNAME = "Polar Bears Nanotechnology Research ©";
			};
			buildConfigurationList = 50B5DE80152EB92800661492 /* Build configuration list for PBXProject "Statwittstics" */;
			compatibilityVersion = "Xcode 3.2";
			developmentRegion = English;
			hasScannedForEncodings = 0;
			knownRegions = (
				en,
			);
			mainGroup = 50B5DE7B152EB92800661492;
			productRefGroup = 50B5DE87152EB92800661492 /* Products */;
			projectDirPath = "";
			projectRoot = "";
			targets = (
				50B5DE85152EB92800661492 /* Statwittstics */,
			);
		};
/* End PBXProject section */

/* Begin PBXResourcesBuildPhase section */
		50B5DE84152EB92800661492 /* Resources */ = {
			isa = PBXResourcesBuildPhase;
			buildActionMask = 2147483647;
			files = (
				50B5DE95152EB92800661492 /* InfoPlist.strings in Resources */,
				50B5DF06152EBB8500661492 /* Home.xib in Resources */,
				50296390153E6C3500DFD6AF /* AboutViewController.xib in Resources */,
				506A36A3156C8B44006B3F64 /* DefaultUser.png in Resources */,
				506A36A4156C8B44006B3F64 /* noresource.png in Resources */,
				506A36A5156C8B44006B3F64 /* noresource@2x.png in Resources */,
				506A36A6156C8B44006B3F64 /* ProfilePicturePlaceholder.png in Resources */,
				506A36A7156C8B44006B3F64 /* VerifiedTwitter.png in Resources */,
				506A36A8156C8B44006B3F64 /* VerifiedTwitter@2x.png in Resources */,
				50DAD19C15C5162900097176 /* Icon-72.png in Resources */,
				50DAD19D15C5162900097176 /* Icon-Small-50.png in Resources */,
				50DAD19E15C5162900097176 /* Icon-Small.png in Resources */,
				50DAD19F15C5162900097176 /* Icon.png in Resources */,
				50DAD1A015C5162900097176 /* Icon@2x.png in Resources */,
				50DAD1A115C5162900097176 /* iTunesArtwork.png in Resources */,
			);
			runOnlyForDeploymentPostprocessing = 0;
		};
/* End PBXResourcesBuildPhase section */

/* Begin PBXSourcesBuildPhase section */
		50B5DE82152EB92800661492 /* Sources */ = {
			isa = PBXSourcesBuildPhase;
			buildActionMask = 2147483647;
			files = (
				50B5DEFA152EBA1B00661492 /* PBDataSet.m in Sources */,
				50B5DEFB152EBA1B00661492 /* PBPlot.m in Sources */,
				50B5DEFC152EBA1B00661492 /* PBUtilities.m in Sources */,
				50B5DE97152EB92800661492 /* main.m in Sources */,
				50B5DE9B152EB92800661492 /* AppDelegate.m in Sources */,
				50B5DF09152EBBA500661492 /* HomeViewController.m in Sources */,
				5089487815315CB000A66EFA /* PBTweet.m in Sources */,
				5089487B153160F800A66EFA /* PBTUser.m in Sources */,
				5093C6E7153A3F66001D279C /* PBTUserView.m in Sources */,
				50CD10C2153BC640004F7229 /* PBTConstants.m in Sources */,
				5029638F153E6C3500DFD6AF /* AboutViewController.m in Sources */,
				50CAAC451544F0A300641D90 /* FindUserViewController.m in Sources */,
				50CAAC52154525A600641D90 /* PBTUtilities.m in Sources */,
				503B6D59154D0832003904F9 /* GIDAAlertView.m in Sources */,
				5046DEBF155F40F300AACBA9 /* PBBar.m in Sources */,
				5046DEC4155F697C00AACBA9 /* PBVisualization.m in Sources */,
				5046DEC7155F724F00AACBA9 /* PBConstants.m in Sources */,
				50E4E2B0155F9F8C00AF606C /* PBXYVisualization.m in Sources */,
			);
			runOnlyForDeploymentPostprocessing = 0;
		};
/* End PBXSourcesBuildPhase section */

/* Begin PBXVariantGroup section */
		50B5DE93152EB92800661492 /* InfoPlist.strings */ = {
			isa = PBXVariantGroup;
			children = (
				50B5DE94152EB92800661492 /* en */,
			);
			name = InfoPlist.strings;
			sourceTree = "<group>";
		};
/* End PBXVariantGroup section */

/* Begin XCBuildConfiguration section */
		50B5DE9C152EB92800661492 /* Debug */ = {
			isa = XCBuildConfiguration;
			buildSettings = {
				ALWAYS_SEARCH_USER_PATHS = NO;
				ARCHS = "$(ARCHS_STANDARD_32_BIT)";
				"CODE_SIGN_IDENTITY[sdk=iphoneos*]" = "iPhone Developer";
				COPY_PHASE_STRIP = NO;
				GCC_C_LANGUAGE_STANDARD = gnu99;
				GCC_DYNAMIC_NO_PIC = NO;
				GCC_OPTIMIZATION_LEVEL = 0;
				GCC_SYMBOLS_PRIVATE_EXTERN = NO;
				GCC_VERSION = com.apple.compilers.llvmgcc42;
				GCC_WARN_ABOUT_RETURN_TYPE = YES;
				GCC_WARN_UNINITIALIZED_AUTOS = YES;
				GCC_WARN_UNUSED_VARIABLE = YES;
				IPHONEOS_DEPLOYMENT_TARGET = 5.1;
				"OTHER_LDFLAGS[arch=*]" = (
					"-ObjC",
					"-all_load",
				);
				SDKROOT = iphoneos;
				TARGETED_DEVICE_FAMILY = 2;
			};
			name = Debug;
		};
		50B5DE9D152EB92800661492 /* Release */ = {
			isa = XCBuildConfiguration;
			buildSettings = {
				ALWAYS_SEARCH_USER_PATHS = NO;
				ARCHS = "$(ARCHS_STANDARD_32_BIT)";
				"CODE_SIGN_IDENTITY[sdk=iphoneos*]" = "iPhone Developer";
				COPY_PHASE_STRIP = YES;
				GCC_C_LANGUAGE_STANDARD = gnu99;
				GCC_VERSION = com.apple.compilers.llvmgcc42;
				GCC_WARN_ABOUT_RETURN_TYPE = YES;
				GCC_WARN_UNINITIALIZED_AUTOS = YES;
				GCC_WARN_UNUSED_VARIABLE = YES;
				IPHONEOS_DEPLOYMENT_TARGET = 5.1;
				"OTHER_LDFLAGS[arch=*]" = (
					"-ObjC",
					"-all_load",
				);
				SDKROOT = iphoneos;
				TARGETED_DEVICE_FAMILY = 2;
				VALIDATE_PRODUCT = YES;
			};
			name = Release;
		};
		50B5DE9F152EB92800661492 /* Debug */ = {
			isa = XCBuildConfiguration;
			buildSettings = {
				GCC_PRECOMPILE_PREFIX_HEADER = YES;
				GCC_PREFIX_HEADER = "Statwittstics/Statwittstics-Prefix.pch";
				GCC_VERSION = com.apple.compilers.llvm.clang.1_0;
				INFOPLIST_FILE = "Statwittstics/Statwittstics-Info.plist";
				LIBRARY_SEARCH_PATHS = (
					"$(inherited)",
					"\"$(SRCROOT)\"",
					"\"$(SRCROOT)/CorePlot\"",
				);
				OTHER_LDFLAGS = (
					"-ObjC",
					"-all_load",
				);
				PRODUCT_NAME = "$(TARGET_NAME)";
				WRAPPER_EXTENSION = app;
			};
			name = Debug;
		};
		50B5DEA0152EB92800661492 /* Release */ = {
			isa = XCBuildConfiguration;
			buildSettings = {
				GCC_PRECOMPILE_PREFIX_HEADER = YES;
				GCC_PREFIX_HEADER = "Statwittstics/Statwittstics-Prefix.pch";
				GCC_VERSION = com.apple.compilers.llvm.clang.1_0;
				INFOPLIST_FILE = "Statwittstics/Statwittstics-Info.plist";
				LIBRARY_SEARCH_PATHS = (
					"$(inherited)",
					"\"$(SRCROOT)\"",
					"\"$(SRCROOT)/CorePlot\"",
				);
				OTHER_LDFLAGS = (
					"-ObjC",
					"-all_load",
				);
				PRODUCT_NAME = "$(TARGET_NAME)";
				WRAPPER_EXTENSION = app;
			};
			name = Release;
		};
/* End XCBuildConfiguration section */

/* Begin XCConfigurationList section */
		50B5DE80152EB92800661492 /* Build configuration list for PBXProject "Statwittstics" */ = {
			isa = XCConfigurationList;
			buildConfigurations = (
				50B5DE9C152EB92800661492 /* Debug */,
				50B5DE9D152EB92800661492 /* Release */,
			);
			defaultConfigurationIsVisible = 0;
			defaultConfigurationName = Release;
		};
		50B5DE9E152EB92800661492 /* Build configuration list for PBXNativeTarget "Statwittstics" */ = {
			isa = XCConfigurationList;
			buildConfigurations = (
				50B5DE9F152EB92800661492 /* Debug */,
				50B5DEA0152EB92800661492 /* Release */,
			);
			defaultConfigurationIsVisible = 0;
			defaultConfigurationName = Release;
		};
/* End XCConfigurationList section */
	};
	rootObject = 50B5DE7D152EB92800661492 /* Project object */;
}
