// !$*UTF8*$!
{
	archiveVersion = 1;
	classes = {
	};
	objectVersion = 46;
	objects = {

/* Begin PBXBuildFile section */
		5029638F153E6C3500DFD6AF /* AboutViewController.m in Sources */ = {isa = PBXBuildFile; fileRef = 5029638D153E6C3500DFD6AF /* AboutViewController.m */; };
		50296390153E6C3500DFD6AF /* AboutViewController.xib in Resources */ = {isa = PBXBuildFile; fileRef = 5029638E153E6C3500DFD6AF /* AboutViewController.xib */; };
		503B4E24154C977400A6C141 /* ProfilePicturePlaceholder.png in Resources */ = {isa = PBXBuildFile; fileRef = 503B4E23154C977400A6C141 /* ProfilePicturePlaceholder.png */; };
		503B6D59154D0832003904F9 /* GIDAAlertView.m in Sources */ = {isa = PBXBuildFile; fileRef = 503B6D58154D0831003904F9 /* GIDAAlertView.m */; };
		5089487815315CB000A66EFA /* PBTweet.m in Sources */ = {isa = PBXBuildFile; fileRef = 5089487715315CB000A66EFA /* PBTweet.m */; };
		5089487B153160F800A66EFA /* PBTUser.m in Sources */ = {isa = PBXBuildFile; fileRef = 5089487A153160F700A66EFA /* PBTUser.m */; };
		5089487D1531742500A66EFA /* Twitter.framework in Frameworks */ = {isa = PBXBuildFile; fileRef = 5089487C1531742500A66EFA /* Twitter.framework */; };
		5089487F1531794600A66EFA /* Accounts.framework in Frameworks */ = {isa = PBXBuildFile; fileRef = 5089487E1531794600A66EFA /* Accounts.framework */; };
		5093C6E7153A3F66001D279C /* PBTUserView.m in Sources */ = {isa = PBXBuildFile; fileRef = 5093C6E6153A3F66001D279C /* PBTUserView.m */; };
		50B5DE8B152EB92800661492 /* UIKit.framework in Frameworks */ = {isa = PBXBuildFile; fileRef = 50B5DE8A152EB92800661492 /* UIKit.framework */; };
		50B5DE8D152EB92800661492 /* Foundation.framework in Frameworks */ = {isa = PBXBuildFile; fileRef = 50B5DE8C152EB92800661492 /* Foundation.framework */; };
		50B5DE8F152EB92800661492 /* CoreGraphics.framework in Frameworks */ = {isa = PBXBuildFile; fileRef = 50B5DE8E152EB92800661492 /* CoreGraphics.framework */; };
		50B5DE95152EB92800661492 /* InfoPlist.strings in Resources */ = {isa = PBXBuildFile; fileRef = 50B5DE93152EB92800661492 /* InfoPlist.strings */; };
		50B5DE97152EB92800661492 /* main.m in Sources */ = {isa = PBXBuildFile; fileRef = 50B5DE96152EB92800661492 /* main.m */; };
		50B5DE9B152EB92800661492 /* AppDelegate.m in Sources */ = {isa = PBXBuildFile; fileRef = 50B5DE9A152EB92800661492 /* AppDelegate.m */; };
		50B5DEFA152EBA1B00661492 /* PBDataSet.m in Sources */ = {isa = PBXBuildFile; fileRef = 50B5DEA2152EB9CF00661492 /* PBDataSet.m */; };
		50B5DEFB152EBA1B00661492 /* PBPlot.m in Sources */ = {isa = PBXBuildFile; fileRef = 50B5DEA5152EB9CF00661492 /* PBPlot.m */; };
		50B5DEFC152EBA1B00661492 /* PBUtilities.m in Sources */ = {isa = PBXBuildFile; fileRef = 50B5DEA7152EB9CF00661492 /* PBUtilities.m */; };
		50B5DEFE152EBA3700661492 /* QuartzCore.framework in Frameworks */ = {isa = PBXBuildFile; fileRef = 50B5DEFD152EBA3700661492 /* QuartzCore.framework */; };
		50B5DF06152EBB8500661492 /* Home.xib in Resources */ = {isa = PBXBuildFile; fileRef = 50B5DF05152EBB8500661492 /* Home.xib */; };
		50B5DF09152EBBA500661492 /* HomeViewController.m in Sources */ = {isa = PBXBuildFile; fileRef = 50B5DF08152EBBA500661492 /* HomeViewController.m */; };
		50B5DF0E152EC1EC00661492 /* DefaultUser.png in Resources */ = {isa = PBXBuildFile; fileRef = 50B5DF0D152EC1EC00661492 /* DefaultUser.png */; };
		50CAAC451544F0A300641D90 /* FindUserViewController.m in Sources */ = {isa = PBXBuildFile; fileRef = 50CAAC441544F0A300641D90 /* FindUserViewController.m */; };
		50CAAC52154525A600641D90 /* PBTUtilities.m in Sources */ = {isa = PBXBuildFile; fileRef = 50CAAC51154525A600641D90 /* PBTUtilities.m */; };
		50CD10C2153BC640004F7229 /* PBTConstants.m in Sources */ = {isa = PBXBuildFile; fileRef = 50CD10C1153BC640004F7229 /* PBTConstants.m */; };
		50E0DF2C1557A1450018F9B5 /* libCorePlot-CocoaTouch.a in Frameworks */ = {isa = PBXBuildFile; fileRef = 50E0DF2B1557A1450018F9B5 /* libCorePlot-CocoaTouch.a */; };
/* End PBXBuildFile section */

/* Begin PBXFileReference section */
		5029638C153E6C3500DFD6AF /* AboutViewController.h */ = {isa = PBXFileReference; fileEncoding = 4; lastKnownFileType = sourcecode.c.h; path = AboutViewController.h; sourceTree = "<group>"; };
		5029638D153E6C3500DFD6AF /* AboutViewController.m */ = {isa = PBXFileReference; fileEncoding = 4; lastKnownFileType = sourcecode.c.objc; path = AboutViewController.m; sourceTree = "<group>"; };
		5029638E153E6C3500DFD6AF /* AboutViewController.xib */ = {isa = PBXFileReference; fileEncoding = 4; lastKnownFileType = file.xib; path = AboutViewController.xib; sourceTree = "<group>"; };
		503807181533F98600CD6783 /* PBTDefines.h */ = {isa = PBXFileReference; lastKnownFileType = sourcecode.c.h; path = PBTDefines.h; sourceTree = "<group>"; };
		503B4E23154C977400A6C141 /* ProfilePicturePlaceholder.png */ = {isa = PBXFileReference; lastKnownFileType = image.png; path = ProfilePicturePlaceholder.png; sourceTree = "<group>"; };
		503B6D57154D0831003904F9 /* GIDAAlertView.h */ = {isa = PBXFileReference; fileEncoding = 4; lastKnownFileType = sourcecode.c.h; path = GIDAAlertView.h; sourceTree = "<group>"; };
		503B6D58154D0831003904F9 /* GIDAAlertView.m */ = {isa = PBXFileReference; fileEncoding = 4; lastKnownFileType = sourcecode.c.objc; path = GIDAAlertView.m; sourceTree = "<group>"; };
		5089487615315CB000A66EFA /* PBTweet.h */ = {isa = PBXFileReference; fileEncoding = 4; lastKnownFileType = sourcecode.c.h; path = PBTweet.h; sourceTree = "<group>"; };
		5089487715315CB000A66EFA /* PBTweet.m */ = {isa = PBXFileReference; fileEncoding = 4; lastKnownFileType = sourcecode.c.objc; path = PBTweet.m; sourceTree = "<group>"; };
		50894879153160F700A66EFA /* PBTUser.h */ = {isa = PBXFileReference; fileEncoding = 4; lastKnownFileType = sourcecode.c.h; path = PBTUser.h; sourceTree = "<group>"; };
		5089487A153160F700A66EFA /* PBTUser.m */ = {isa = PBXFileReference; fileEncoding = 4; lastKnownFileType = sourcecode.c.objc; path = PBTUser.m; sourceTree = "<group>"; };
		5089487C1531742500A66EFA /* Twitter.framework */ = {isa = PBXFileReference; lastKnownFileType = wrapper.framework; name = Twitter.framework; path = System/Library/Frameworks/Twitter.framework; sourceTree = SDKROOT; };
		5089487E1531794600A66EFA /* Accounts.framework */ = {isa = PBXFileReference; lastKnownFileType = wrapper.framework; name = Accounts.framework; path = System/Library/Frameworks/Accounts.framework; sourceTree = SDKROOT; };
		5093C6DF1539EA49001D279C /* StatwittsticsDefines.h */ = {isa = PBXFileReference; lastKnownFileType = sourcecode.c.h; path = StatwittsticsDefines.h; sourceTree = "<group>"; };
		5093C6E4153A059D001D279C /* PBTKit.h */ = {isa = PBXFileReference; lastKnownFileType = sourcecode.c.h; path = PBTKit.h; sourceTree = "<group>"; };
		5093C6E5153A3F66001D279C /* PBTUserView.h */ = {isa = PBXFileReference; fileEncoding = 4; lastKnownFileType = sourcecode.c.h; path = PBTUserView.h; sourceTree = "<group>"; };
		5093C6E6153A3F66001D279C /* PBTUserView.m */ = {isa = PBXFileReference; fileEncoding = 4; lastKnownFileType = sourcecode.c.objc; path = PBTUserView.m; sourceTree = "<group>"; };
		50B5DE86152EB92800661492 /* Statwittstics.app */ = {isa = PBXFileReference; explicitFileType = wrapper.application; includeInIndex = 0; path = Statwittstics.app; sourceTree = BUILT_PRODUCTS_DIR; };
		50B5DE8A152EB92800661492 /* UIKit.framework */ = {isa = PBXFileReference; lastKnownFileType = wrapper.framework; name = UIKit.framework; path = System/Library/Frameworks/UIKit.framework; sourceTree = SDKROOT; };
		50B5DE8C152EB92800661492 /* Foundation.framework */ = {isa = PBXFileReference; lastKnownFileType = wrapper.framework; name = Foundation.framework; path = System/Library/Frameworks/Foundation.framework; sourceTree = SDKROOT; };
		50B5DE8E152EB92800661492 /* CoreGraphics.framework */ = {isa = PBXFileReference; lastKnownFileType = wrapper.framework; name = CoreGraphics.framework; path = System/Library/Frameworks/CoreGraphics.framework; sourceTree = SDKROOT; };
		50B5DE92152EB92800661492 /* Statwittstics-Info.plist */ = {isa = PBXFileReference; lastKnownFileType = text.plist.xml; path = "Statwittstics-Info.plist"; sourceTree = "<group>"; };
		50B5DE94152EB92800661492 /* en */ = {isa = PBXFileReference; lastKnownFileType = text.plist.strings; name = en; path = en.lproj/InfoPlist.strings; sourceTree = "<group>"; };
		50B5DE96152EB92800661492 /* main.m */ = {isa = PBXFileReference; lastKnownFileType = sourcecode.c.objc; path = main.m; sourceTree = "<group>"; };
		50B5DE98152EB92800661492 /* Statwittstics-Prefix.pch */ = {isa = PBXFileReference; lastKnownFileType = sourcecode.c.h; path = "Statwittstics-Prefix.pch"; sourceTree = "<group>"; };
		50B5DE99152EB92800661492 /* AppDelegate.h */ = {isa = PBXFileReference; lastKnownFileType = sourcecode.c.h; path = AppDelegate.h; sourceTree = "<group>"; };
		50B5DE9A152EB92800661492 /* AppDelegate.m */ = {isa = PBXFileReference; lastKnownFileType = sourcecode.c.objc; path = AppDelegate.m; sourceTree = "<group>"; };
		50B5DEA1152EB9CF00661492 /* PBDataSet.h */ = {isa = PBXFileReference; lastKnownFileType = sourcecode.c.h; path = PBDataSet.h; sourceTree = "<group>"; };
		50B5DEA2152EB9CF00661492 /* PBDataSet.m */ = {isa = PBXFileReference; lastKnownFileType = sourcecode.c.objc; path = PBDataSet.m; sourceTree = "<group>"; };
		50B5DEA3152EB9CF00661492 /* PBKit.h */ = {isa = PBXFileReference; lastKnownFileType = sourcecode.c.h; path = PBKit.h; sourceTree = "<group>"; };
		50B5DEA4152EB9CF00661492 /* PBPlot.h */ = {isa = PBXFileReference; lastKnownFileType = sourcecode.c.h; path = PBPlot.h; sourceTree = "<group>"; };
		50B5DEA5152EB9CF00661492 /* PBPlot.m */ = {isa = PBXFileReference; lastKnownFileType = sourcecode.c.objc; path = PBPlot.m; sourceTree = "<group>"; };
		50B5DEA6152EB9CF00661492 /* PBUtilities.h */ = {isa = PBXFileReference; lastKnownFileType = sourcecode.c.h; path = PBUtilities.h; sourceTree = "<group>"; };
		50B5DEA7152EB9CF00661492 /* PBUtilities.m */ = {isa = PBXFileReference; lastKnownFileType = sourcecode.c.objc; path = PBUtilities.m; sourceTree = "<group>"; };
		50B5DEFD152EBA3700661492 /* QuartzCore.framework */ = {isa = PBXFileReference; lastKnownFileType = wrapper.framework; name = QuartzCore.framework; path = System/Library/Frameworks/QuartzCore.framework; sourceTree = SDKROOT; };
		50B5DF05152EBB8500661492 /* Home.xib */ = {isa = PBXFileReference; fileEncoding = 4; lastKnownFileType = file.xib; path = Home.xib; sourceTree = "<group>"; };
		50B5DF07152EBBA500661492 /* HomeViewController.h */ = {isa = PBXFileReference; fileEncoding = 4; lastKnownFileType = sourcecode.c.h; path = HomeViewController.h; sourceTree = "<group>"; };
		50B5DF08152EBBA500661492 /* HomeViewController.m */ = {isa = PBXFileReference; fileEncoding = 4; lastKnownFileType = sourcecode.c.objc; path = HomeViewController.m; sourceTree = "<group>"; };
		50B5DF0D152EC1EC00661492 /* DefaultUser.png */ = {isa = PBXFileReference; lastKnownFileType = image.png; name = DefaultUser.png; path = Statwittstics/DefaultUser.png; sourceTree = "<group>"; };
		50CAAC431544F0A300641D90 /* FindUserViewController.h */ = {isa = PBXFileReference; fileEncoding = 4; lastKnownFileType = sourcecode.c.h; path = FindUserViewController.h; sourceTree = "<group>"; };
		50CAAC441544F0A300641D90 /* FindUserViewController.m */ = {isa = PBXFileReference; fileEncoding = 4; lastKnownFileType = sourcecode.c.objc; path = FindUserViewController.m; sourceTree = "<group>"; };
		50CAAC50154525A600641D90 /* PBTUtilities.h */ = {isa = PBXFileReference; fileEncoding = 4; lastKnownFileType = sourcecode.c.h; path = PBTUtilities.h; sourceTree = "<group>"; };
		50CAAC51154525A600641D90 /* PBTUtilities.m */ = {isa = PBXFileReference; fileEncoding = 4; lastKnownFileType = sourcecode.c.objc; path = PBTUtilities.m; sourceTree = "<group>"; };
		50CD10C0153BC640004F7229 /* PBTConstants.h */ = {isa = PBXFileReference; fileEncoding = 4; lastKnownFileType = sourcecode.c.h; path = PBTConstants.h; sourceTree = "<group>"; };
		50CD10C1153BC640004F7229 /* PBTConstants.m */ = {isa = PBXFileReference; fileEncoding = 4; lastKnownFileType = sourcecode.c.objc; path = PBTConstants.m; sourceTree = "<group>"; };
		50E0DF2B1557A1450018F9B5 /* libCorePlot-CocoaTouch.a */ = {isa = PBXFileReference; lastKnownFileType = archive.ar; path = "libCorePlot-CocoaTouch.a"; sourceTree = "<group>"; };
		50E0DF2E1557A1770018F9B5 /* _CPTConstraintsFixed.h */ = {isa = PBXFileReference; fileEncoding = 4; lastKnownFileType = sourcecode.c.h; path = _CPTConstraintsFixed.h; sourceTree = "<group>"; };
		50E0DF2F1557A1770018F9B5 /* _CPTConstraintsRelative.h */ = {isa = PBXFileReference; fileEncoding = 4; lastKnownFileType = sourcecode.c.h; path = _CPTConstraintsRelative.h; sourceTree = "<group>"; };
		50E0DF301557A1770018F9B5 /* _CPTDarkGradientTheme.h */ = {isa = PBXFileReference; fileEncoding = 4; lastKnownFileType = sourcecode.c.h; path = _CPTDarkGradientTheme.h; sourceTree = "<group>"; };
		50E0DF311557A1770018F9B5 /* _CPTFillColor.h */ = {isa = PBXFileReference; fileEncoding = 4; lastKnownFileType = sourcecode.c.h; path = _CPTFillColor.h; sourceTree = "<group>"; };
		50E0DF321557A1770018F9B5 /* _CPTFillGradient.h */ = {isa = PBXFileReference; fileEncoding = 4; lastKnownFileType = sourcecode.c.h; path = _CPTFillGradient.h; sourceTree = "<group>"; };
		50E0DF331557A1770018F9B5 /* _CPTFillImage.h */ = {isa = PBXFileReference; fileEncoding = 4; lastKnownFileType = sourcecode.c.h; path = _CPTFillImage.h; sourceTree = "<group>"; };
		50E0DF341557A1770018F9B5 /* _CPTPlainBlackTheme.h */ = {isa = PBXFileReference; fileEncoding = 4; lastKnownFileType = sourcecode.c.h; path = _CPTPlainBlackTheme.h; sourceTree = "<group>"; };
		50E0DF351557A1770018F9B5 /* _CPTPlainWhiteTheme.h */ = {isa = PBXFileReference; fileEncoding = 4; lastKnownFileType = sourcecode.c.h; path = _CPTPlainWhiteTheme.h; sourceTree = "<group>"; };
		50E0DF361557A1770018F9B5 /* _CPTSlateTheme.h */ = {isa = PBXFileReference; fileEncoding = 4; lastKnownFileType = sourcecode.c.h; path = _CPTSlateTheme.h; sourceTree = "<group>"; };
		50E0DF371557A1770018F9B5 /* _CPTStocksTheme.h */ = {isa = PBXFileReference; fileEncoding = 4; lastKnownFileType = sourcecode.c.h; path = _CPTStocksTheme.h; sourceTree = "<group>"; };
		50E0DF381557A1770018F9B5 /* _CPTXYTheme.h */ = {isa = PBXFileReference; fileEncoding = 4; lastKnownFileType = sourcecode.c.h; path = _CPTXYTheme.h; sourceTree = "<group>"; };
		50E0DF391557A1770018F9B5 /* CorePlot-CocoaTouch.h */ = {isa = PBXFileReference; fileEncoding = 4; lastKnownFileType = sourcecode.c.h; path = "CorePlot-CocoaTouch.h"; sourceTree = "<group>"; };
		50E0DF3A1557A1770018F9B5 /* CPTAnnotation.h */ = {isa = PBXFileReference; fileEncoding = 4; lastKnownFileType = sourcecode.c.h; path = CPTAnnotation.h; sourceTree = "<group>"; };
		50E0DF3B1557A1770018F9B5 /* CPTAnnotationHostLayer.h */ = {isa = PBXFileReference; fileEncoding = 4; lastKnownFileType = sourcecode.c.h; path = CPTAnnotationHostLayer.h; sourceTree = "<group>"; };
		50E0DF3C1557A1770018F9B5 /* CPTAxis.h */ = {isa = PBXFileReference; fileEncoding = 4; lastKnownFileType = sourcecode.c.h; path = CPTAxis.h; sourceTree = "<group>"; };
		50E0DF3D1557A1770018F9B5 /* CPTAxisLabel.h */ = {isa = PBXFileReference; fileEncoding = 4; lastKnownFileType = sourcecode.c.h; path = CPTAxisLabel.h; sourceTree = "<group>"; };
		50E0DF3E1557A1770018F9B5 /* CPTAxisLabelGroup.h */ = {isa = PBXFileReference; fileEncoding = 4; lastKnownFileType = sourcecode.c.h; path = CPTAxisLabelGroup.h; sourceTree = "<group>"; };
		50E0DF3F1557A1770018F9B5 /* CPTAxisSet.h */ = {isa = PBXFileReference; fileEncoding = 4; lastKnownFileType = sourcecode.c.h; path = CPTAxisSet.h; sourceTree = "<group>"; };
		50E0DF401557A1770018F9B5 /* CPTAxisTitle.h */ = {isa = PBXFileReference; fileEncoding = 4; lastKnownFileType = sourcecode.c.h; path = CPTAxisTitle.h; sourceTree = "<group>"; };
		50E0DF411557A1770018F9B5 /* CPTBarPlot.h */ = {isa = PBXFileReference; fileEncoding = 4; lastKnownFileType = sourcecode.c.h; path = CPTBarPlot.h; sourceTree = "<group>"; };
		50E0DF421557A1770018F9B5 /* CPTBorderedLayer.h */ = {isa = PBXFileReference; fileEncoding = 4; lastKnownFileType = sourcecode.c.h; path = CPTBorderedLayer.h; sourceTree = "<group>"; };
		50E0DF431557A1770018F9B5 /* CPTColor.h */ = {isa = PBXFileReference; fileEncoding = 4; lastKnownFileType = sourcecode.c.h; path = CPTColor.h; sourceTree = "<group>"; };
		50E0DF441557A1770018F9B5 /* CPTColorSpace.h */ = {isa = PBXFileReference; fileEncoding = 4; lastKnownFileType = sourcecode.c.h; path = CPTColorSpace.h; sourceTree = "<group>"; };
		50E0DF451557A1770018F9B5 /* CPTConstraints.h */ = {isa = PBXFileReference; fileEncoding = 4; lastKnownFileType = sourcecode.c.h; path = CPTConstraints.h; sourceTree = "<group>"; };
		50E0DF461557A1770018F9B5 /* CPTDefinitions.h */ = {isa = PBXFileReference; fileEncoding = 4; lastKnownFileType = sourcecode.c.h; path = CPTDefinitions.h; sourceTree = "<group>"; };
		50E0DF471557A1770018F9B5 /* CPTExceptions.h */ = {isa = PBXFileReference; fileEncoding = 4; lastKnownFileType = sourcecode.c.h; path = CPTExceptions.h; sourceTree = "<group>"; };
		50E0DF481557A1770018F9B5 /* CPTFill.h */ = {isa = PBXFileReference; fileEncoding = 4; lastKnownFileType = sourcecode.c.h; path = CPTFill.h; sourceTree = "<group>"; };
		50E0DF491557A1770018F9B5 /* CPTGradient.h */ = {isa = PBXFileReference; fileEncoding = 4; lastKnownFileType = sourcecode.c.h; path = CPTGradient.h; sourceTree = "<group>"; };
		50E0DF4A1557A1770018F9B5 /* CPTGraph.h */ = {isa = PBXFileReference; fileEncoding = 4; lastKnownFileType = sourcecode.c.h; path = CPTGraph.h; sourceTree = "<group>"; };
		50E0DF4B1557A1770018F9B5 /* CPTGraphHostingView.h */ = {isa = PBXFileReference; fileEncoding = 4; lastKnownFileType = sourcecode.c.h; path = CPTGraphHostingView.h; sourceTree = "<group>"; };
		50E0DF4C1557A1770018F9B5 /* CPTGridLineGroup.h */ = {isa = PBXFileReference; fileEncoding = 4; lastKnownFileType = sourcecode.c.h; path = CPTGridLineGroup.h; sourceTree = "<group>"; };
		50E0DF4D1557A1770018F9B5 /* CPTGridLines.h */ = {isa = PBXFileReference; fileEncoding = 4; lastKnownFileType = sourcecode.c.h; path = CPTGridLines.h; sourceTree = "<group>"; };
		50E0DF4E1557A1770018F9B5 /* CPTImage.h */ = {isa = PBXFileReference; fileEncoding = 4; lastKnownFileType = sourcecode.c.h; path = CPTImage.h; sourceTree = "<group>"; };
		50E0DF4F1557A1770018F9B5 /* CPTLayer.h */ = {isa = PBXFileReference; fileEncoding = 4; lastKnownFileType = sourcecode.c.h; path = CPTLayer.h; sourceTree = "<group>"; };
		50E0DF501557A1770018F9B5 /* CPTLayerAnnotation.h */ = {isa = PBXFileReference; fileEncoding = 4; lastKnownFileType = sourcecode.c.h; path = CPTLayerAnnotation.h; sourceTree = "<group>"; };
		50E0DF511557A1770018F9B5 /* CPTLegend.h */ = {isa = PBXFileReference; fileEncoding = 4; lastKnownFileType = sourcecode.c.h; path = CPTLegend.h; sourceTree = "<group>"; };
		50E0DF521557A1770018F9B5 /* CPTLegendEntry.h */ = {isa = PBXFileReference; fileEncoding = 4; lastKnownFileType = sourcecode.c.h; path = CPTLegendEntry.h; sourceTree = "<group>"; };
		50E0DF531557A1770018F9B5 /* CPTLimitBand.h */ = {isa = PBXFileReference; fileEncoding = 4; lastKnownFileType = sourcecode.c.h; path = CPTLimitBand.h; sourceTree = "<group>"; };
		50E0DF541557A1770018F9B5 /* CPTLineCap.h */ = {isa = PBXFileReference; fileEncoding = 4; lastKnownFileType = sourcecode.c.h; path = CPTLineCap.h; sourceTree = "<group>"; };
		50E0DF551557A1770018F9B5 /* CPTLineStyle.h */ = {isa = PBXFileReference; fileEncoding = 4; lastKnownFileType = sourcecode.c.h; path = CPTLineStyle.h; sourceTree = "<group>"; };
		50E0DF561557A1770018F9B5 /* CPTMutableLineStyle.h */ = {isa = PBXFileReference; fileEncoding = 4; lastKnownFileType = sourcecode.c.h; path = CPTMutableLineStyle.h; sourceTree = "<group>"; };
		50E0DF571557A1770018F9B5 /* CPTMutableNumericData+TypeConversion.h */ = {isa = PBXFileReference; fileEncoding = 4; lastKnownFileType = sourcecode.c.h; path = "CPTMutableNumericData+TypeConversion.h"; sourceTree = "<group>"; };
		50E0DF581557A1770018F9B5 /* CPTMutableNumericData.h */ = {isa = PBXFileReference; fileEncoding = 4; lastKnownFileType = sourcecode.c.h; path = CPTMutableNumericData.h; sourceTree = "<group>"; };
		50E0DF591557A1770018F9B5 /* CPTMutablePlotRange.h */ = {isa = PBXFileReference; fileEncoding = 4; lastKnownFileType = sourcecode.c.h; path = CPTMutablePlotRange.h; sourceTree = "<group>"; };
		50E0DF5A1557A1770018F9B5 /* CPTMutableShadow.h */ = {isa = PBXFileReference; fileEncoding = 4; lastKnownFileType = sourcecode.c.h; path = CPTMutableShadow.h; sourceTree = "<group>"; };
		50E0DF5B1557A1770018F9B5 /* CPTMutableTextStyle.h */ = {isa = PBXFileReference; fileEncoding = 4; lastKnownFileType = sourcecode.c.h; path = CPTMutableTextStyle.h; sourceTree = "<group>"; };
		50E0DF5C1557A1770018F9B5 /* CPTNumericData+TypeConversion.h */ = {isa = PBXFileReference; fileEncoding = 4; lastKnownFileType = sourcecode.c.h; path = "CPTNumericData+TypeConversion.h"; sourceTree = "<group>"; };
		50E0DF5D1557A1770018F9B5 /* CPTNumericData.h */ = {isa = PBXFileReference; fileEncoding = 4; lastKnownFileType = sourcecode.c.h; path = CPTNumericData.h; sourceTree = "<group>"; };
		50E0DF5E1557A1770018F9B5 /* CPTNumericDataType.h */ = {isa = PBXFileReference; fileEncoding = 4; lastKnownFileType = sourcecode.c.h; path = CPTNumericDataType.h; sourceTree = "<group>"; };
		50E0DF5F1557A1770018F9B5 /* CPTPathExtensions.h */ = {isa = PBXFileReference; fileEncoding = 4; lastKnownFileType = sourcecode.c.h; path = CPTPathExtensions.h; sourceTree = "<group>"; };
		50E0DF601557A1770018F9B5 /* CPTPieChart.h */ = {isa = PBXFileReference; fileEncoding = 4; lastKnownFileType = sourcecode.c.h; path = CPTPieChart.h; sourceTree = "<group>"; };
		50E0DF611557A1770018F9B5 /* CPTPlatformSpecificCategories.h */ = {isa = PBXFileReference; fileEncoding = 4; lastKnownFileType = sourcecode.c.h; path = CPTPlatformSpecificCategories.h; sourceTree = "<group>"; };
		50E0DF621557A1770018F9B5 /* CPTPlatformSpecificDefines.h */ = {isa = PBXFileReference; fileEncoding = 4; lastKnownFileType = sourcecode.c.h; path = CPTPlatformSpecificDefines.h; sourceTree = "<group>"; };
		50E0DF631557A1770018F9B5 /* CPTPlatformSpecificFunctions.h */ = {isa = PBXFileReference; fileEncoding = 4; lastKnownFileType = sourcecode.c.h; path = CPTPlatformSpecificFunctions.h; sourceTree = "<group>"; };
		50E0DF641557A1770018F9B5 /* CPTPlot.h */ = {isa = PBXFileReference; fileEncoding = 4; lastKnownFileType = sourcecode.c.h; path = CPTPlot.h; sourceTree = "<group>"; };
		50E0DF651557A1770018F9B5 /* CPTPlotArea.h */ = {isa = PBXFileReference; fileEncoding = 4; lastKnownFileType = sourcecode.c.h; path = CPTPlotArea.h; sourceTree = "<group>"; };
		50E0DF661557A1770018F9B5 /* CPTPlotAreaFrame.h */ = {isa = PBXFileReference; fileEncoding = 4; lastKnownFileType = sourcecode.c.h; path = CPTPlotAreaFrame.h; sourceTree = "<group>"; };
		50E0DF671557A1770018F9B5 /* CPTPlotGroup.h */ = {isa = PBXFileReference; fileEncoding = 4; lastKnownFileType = sourcecode.c.h; path = CPTPlotGroup.h; sourceTree = "<group>"; };
		50E0DF681557A1770018F9B5 /* CPTPlotRange.h */ = {isa = PBXFileReference; fileEncoding = 4; lastKnownFileType = sourcecode.c.h; path = CPTPlotRange.h; sourceTree = "<group>"; };
		50E0DF691557A1770018F9B5 /* CPTPlotSpace.h */ = {isa = PBXFileReference; fileEncoding = 4; lastKnownFileType = sourcecode.c.h; path = CPTPlotSpace.h; sourceTree = "<group>"; };
		50E0DF6A1557A1770018F9B5 /* CPTPlotSpaceAnnotation.h */ = {isa = PBXFileReference; fileEncoding = 4; lastKnownFileType = sourcecode.c.h; path = CPTPlotSpaceAnnotation.h; sourceTree = "<group>"; };
		50E0DF6B1557A1770018F9B5 /* CPTPlotSymbol.h */ = {isa = PBXFileReference; fileEncoding = 4; lastKnownFileType = sourcecode.c.h; path = CPTPlotSymbol.h; sourceTree = "<group>"; };
		50E0DF6C1557A1770018F9B5 /* CPTRangePlot.h */ = {isa = PBXFileReference; fileEncoding = 4; lastKnownFileType = sourcecode.c.h; path = CPTRangePlot.h; sourceTree = "<group>"; };
		50E0DF6D1557A1770018F9B5 /* CPTResponder.h */ = {isa = PBXFileReference; fileEncoding = 4; lastKnownFileType = sourcecode.c.h; path = CPTResponder.h; sourceTree = "<group>"; };
		50E0DF6E1557A1770018F9B5 /* CPTScatterPlot.h */ = {isa = PBXFileReference; fileEncoding = 4; lastKnownFileType = sourcecode.c.h; path = CPTScatterPlot.h; sourceTree = "<group>"; };
		50E0DF6F1557A1770018F9B5 /* CPTShadow.h */ = {isa = PBXFileReference; fileEncoding = 4; lastKnownFileType = sourcecode.c.h; path = CPTShadow.h; sourceTree = "<group>"; };
		50E0DF701557A1770018F9B5 /* CPTTextLayer.h */ = {isa = PBXFileReference; fileEncoding = 4; lastKnownFileType = sourcecode.c.h; path = CPTTextLayer.h; sourceTree = "<group>"; };
		50E0DF711557A1770018F9B5 /* CPTTextStyle.h */ = {isa = PBXFileReference; fileEncoding = 4; lastKnownFileType = sourcecode.c.h; path = CPTTextStyle.h; sourceTree = "<group>"; };
		50E0DF721557A1770018F9B5 /* CPTTheme.h */ = {isa = PBXFileReference; fileEncoding = 4; lastKnownFileType = sourcecode.c.h; path = CPTTheme.h; sourceTree = "<group>"; };
		50E0DF731557A1770018F9B5 /* CPTTimeFormatter.h */ = {isa = PBXFileReference; fileEncoding = 4; lastKnownFileType = sourcecode.c.h; path = CPTTimeFormatter.h; sourceTree = "<group>"; };
		50E0DF741557A1770018F9B5 /* CPTTradingRangePlot.h */ = {isa = PBXFileReference; fileEncoding = 4; lastKnownFileType = sourcecode.c.h; path = CPTTradingRangePlot.h; sourceTree = "<group>"; };
		50E0DF751557A1770018F9B5 /* CPTUtilities.h */ = {isa = PBXFileReference; fileEncoding = 4; lastKnownFileType = sourcecode.c.h; path = CPTUtilities.h; sourceTree = "<group>"; };
		50E0DF761557A1770018F9B5 /* CPTXYAxis.h */ = {isa = PBXFileReference; fileEncoding = 4; lastKnownFileType = sourcecode.c.h; path = CPTXYAxis.h; sourceTree = "<group>"; };
		50E0DF771557A1770018F9B5 /* CPTXYAxisSet.h */ = {isa = PBXFileReference; fileEncoding = 4; lastKnownFileType = sourcecode.c.h; path = CPTXYAxisSet.h; sourceTree = "<group>"; };
		50E0DF781557A1770018F9B5 /* CPTXYGraph.h */ = {isa = PBXFileReference; fileEncoding = 4; lastKnownFileType = sourcecode.c.h; path = CPTXYGraph.h; sourceTree = "<group>"; };
		50E0DF791557A1770018F9B5 /* CPTXYPlotSpace.h */ = {isa = PBXFileReference; fileEncoding = 4; lastKnownFileType = sourcecode.c.h; path = CPTXYPlotSpace.h; sourceTree = "<group>"; };
		50E0DF7A1557A1770018F9B5 /* NSCoderExtensions.h */ = {isa = PBXFileReference; fileEncoding = 4; lastKnownFileType = sourcecode.c.h; path = NSCoderExtensions.h; sourceTree = "<group>"; };
		50E0DF7B1557A1770018F9B5 /* NSDecimalNumberExtensions.h */ = {isa = PBXFileReference; fileEncoding = 4; lastKnownFileType = sourcecode.c.h; path = NSDecimalNumberExtensions.h; sourceTree = "<group>"; };
		50E0DF7C1557A1770018F9B5 /* NSNumberExtensions.h */ = {isa = PBXFileReference; fileEncoding = 4; lastKnownFileType = sourcecode.c.h; path = NSNumberExtensions.h; sourceTree = "<group>"; };
/* End PBXFileReference section */

/* Begin PBXFrameworksBuildPhase section */
		50B5DE83152EB92800661492 /* Frameworks */ = {
			isa = PBXFrameworksBuildPhase;
			buildActionMask = 2147483647;
			files = (
				5089487F1531794600A66EFA /* Accounts.framework in Frameworks */,
				50B5DE8F152EB92800661492 /* CoreGraphics.framework in Frameworks */,
				50B5DE8D152EB92800661492 /* Foundation.framework in Frameworks */,
				50E0DF2C1557A1450018F9B5 /* libCorePlot-CocoaTouch.a in Frameworks */,
				50B5DEFE152EBA3700661492 /* QuartzCore.framework in Frameworks */,
				5089487D1531742500A66EFA /* Twitter.framework in Frameworks */,
				50B5DE8B152EB92800661492 /* UIKit.framework in Frameworks */,
			);
			runOnlyForDeploymentPostprocessing = 0;
		};
/* End PBXFrameworksBuildPhase section */

/* Begin PBXGroup section */
		503B6D5B154D0838003904F9 /* Uitilities */ = {
			isa = PBXGroup;
			children = (
				503B6D57154D0831003904F9 /* GIDAAlertView.h */,
				503B6D58154D0831003904F9 /* GIDAAlertView.m */,
			);
			name = Uitilities;
			sourceTree = "<group>";
		};
		5089487415315C6A00A66EFA /* Twitter */ = {
			isa = PBXGroup;
			children = (
				5093C6E4153A059D001D279C /* PBTKit.h */,
				503807181533F98600CD6783 /* PBTDefines.h */,
				50CD10C0153BC640004F7229 /* PBTConstants.h */,
				50CD10C1153BC640004F7229 /* PBTConstants.m */,
				5093C6E5153A3F66001D279C /* PBTUserView.h */,
				5093C6E6153A3F66001D279C /* PBTUserView.m */,
				5089487615315CB000A66EFA /* PBTweet.h */,
				5089487715315CB000A66EFA /* PBTweet.m */,
				50894879153160F700A66EFA /* PBTUser.h */,
				5089487A153160F700A66EFA /* PBTUser.m */,
				50CAAC50154525A600641D90 /* PBTUtilities.h */,
				50CAAC51154525A600641D90 /* PBTUtilities.m */,
			);
			name = Twitter;
			sourceTree = "<group>";
		};
		50B5DE7B152EB92800661492 = {
			isa = PBXGroup;
			children = (
				50B5DE90152EB92800661492 /* Statwittstics */,
				50B5DF0F152EC1F200661492 /* Resources */,
				50B5DF04152EBB3800661492 /* NIBs */,
				50B5DE91152EB92800661492 /* Supporting Files */,
				50B5DE89152EB92800661492 /* Frameworks */,
				50B5DE87152EB92800661492 /* Products */,
			);
			sourceTree = "<group>";
		};
		50B5DE87152EB92800661492 /* Products */ = {
			isa = PBXGroup;
			children = (
				50B5DE86152EB92800661492 /* Statwittstics.app */,
			);
			name = Products;
			sourceTree = "<group>";
		};
		50B5DE89152EB92800661492 /* Frameworks */ = {
			isa = PBXGroup;
			children = (
				5089487E1531794600A66EFA /* Accounts.framework */,
				50B5DE8E152EB92800661492 /* CoreGraphics.framework */,
				50B5DE8C152EB92800661492 /* Foundation.framework */,
				50E0DF2D1557A1770018F9B5 /* CorePlotHeaders */,
				50E0DF2B1557A1450018F9B5 /* libCorePlot-CocoaTouch.a */,
				50B5DEFD152EBA3700661492 /* QuartzCore.framework */,
				5089487C1531742500A66EFA /* Twitter.framework */,
				50B5DE8A152EB92800661492 /* UIKit.framework */,
			);
			name = Frameworks;
			sourceTree = "<group>";
		};
		50B5DE90152EB92800661492 /* Statwittstics */ = {
			isa = PBXGroup;
			children = (
				5093C6DF1539EA49001D279C /* StatwittsticsDefines.h */,
				50B5DE99152EB92800661492 /* AppDelegate.h */,
				50B5DE9A152EB92800661492 /* AppDelegate.m */,
				50B5DF07152EBBA500661492 /* HomeViewController.h */,
				50B5DF08152EBBA500661492 /* HomeViewController.m */,
				50CAAC431544F0A300641D90 /* FindUserViewController.h */,
				50CAAC441544F0A300641D90 /* FindUserViewController.m */,
				5029638C153E6C3500DFD6AF /* AboutViewController.h */,
				5029638D153E6C3500DFD6AF /* AboutViewController.m */,
				503B6D5B154D0838003904F9 /* Uitilities */,
				5089487415315C6A00A66EFA /* Twitter */,
				50B5DF00152EBAA700661492 /* PBKit */,
			);
			path = Statwittstics;
			sourceTree = "<group>";
		};
		50B5DE91152EB92800661492 /* Supporting Files */ = {
			isa = PBXGroup;
			children = (
				50B5DE92152EB92800661492 /* Statwittstics-Info.plist */,
				50B5DE93152EB92800661492 /* InfoPlist.strings */,
				50B5DE96152EB92800661492 /* main.m */,
				50B5DE98152EB92800661492 /* Statwittstics-Prefix.pch */,
			);
			name = "Supporting Files";
			path = Statwittstics;
			sourceTree = "<group>";
		};
		50B5DF00152EBAA700661492 /* PBKit */ = {
			isa = PBXGroup;
			children = (
				50B5DEA3152EB9CF00661492 /* PBKit.h */,
				50B5DEA1152EB9CF00661492 /* PBDataSet.h */,
				50B5DEA2152EB9CF00661492 /* PBDataSet.m */,
				50B5DEA4152EB9CF00661492 /* PBPlot.h */,
				50B5DEA5152EB9CF00661492 /* PBPlot.m */,
				50B5DEA6152EB9CF00661492 /* PBUtilities.h */,
				50B5DEA7152EB9CF00661492 /* PBUtilities.m */,
			);
			name = PBKit;
			sourceTree = "<group>";
		};
		50B5DF04152EBB3800661492 /* NIBs */ = {
			isa = PBXGroup;
			children = (
				50B5DF05152EBB8500661492 /* Home.xib */,
				5029638E153E6C3500DFD6AF /* AboutViewController.xib */,
			);
			name = NIBs;
			path = Statwittstics;
			sourceTree = "<group>";
		};
		50B5DF0F152EC1F200661492 /* Resources */ = {
			isa = PBXGroup;
			children = (
				503B4E23154C977400A6C141 /* ProfilePicturePlaceholder.png */,
				50B5DF0D152EC1EC00661492 /* DefaultUser.png */,
			);
			name = Resources;
			sourceTree = "<group>";
		};
		50E0DF2D1557A1770018F9B5 /* CorePlotHeaders */ = {
			isa = PBXGroup;
			children = (
				50E0DF2E1557A1770018F9B5 /* _CPTConstraintsFixed.h */,
				50E0DF2F1557A1770018F9B5 /* _CPTConstraintsRelative.h */,
				50E0DF301557A1770018F9B5 /* _CPTDarkGradientTheme.h */,
				50E0DF311557A1770018F9B5 /* _CPTFillColor.h */,
				50E0DF321557A1770018F9B5 /* _CPTFillGradient.h */,
				50E0DF331557A1770018F9B5 /* _CPTFillImage.h */,
				50E0DF341557A1770018F9B5 /* _CPTPlainBlackTheme.h */,
				50E0DF351557A1770018F9B5 /* _CPTPlainWhiteTheme.h */,
				50E0DF361557A1770018F9B5 /* _CPTSlateTheme.h */,
				50E0DF371557A1770018F9B5 /* _CPTStocksTheme.h */,
				50E0DF381557A1770018F9B5 /* _CPTXYTheme.h */,
				50E0DF391557A1770018F9B5 /* CorePlot-CocoaTouch.h */,
				50E0DF3A1557A1770018F9B5 /* CPTAnnotation.h */,
				50E0DF3B1557A1770018F9B5 /* CPTAnnotationHostLayer.h */,
				50E0DF3C1557A1770018F9B5 /* CPTAxis.h */,
				50E0DF3D1557A1770018F9B5 /* CPTAxisLabel.h */,
				50E0DF3E1557A1770018F9B5 /* CPTAxisLabelGroup.h */,
				50E0DF3F1557A1770018F9B5 /* CPTAxisSet.h */,
				50E0DF401557A1770018F9B5 /* CPTAxisTitle.h */,
				50E0DF411557A1770018F9B5 /* CPTBarPlot.h */,
				50E0DF421557A1770018F9B5 /* CPTBorderedLayer.h */,
				50E0DF431557A1770018F9B5 /* CPTColor.h */,
				50E0DF441557A1770018F9B5 /* CPTColorSpace.h */,
				50E0DF451557A1770018F9B5 /* CPTConstraints.h */,
				50E0DF461557A1770018F9B5 /* CPTDefinitions.h */,
				50E0DF471557A1770018F9B5 /* CPTExceptions.h */,
				50E0DF481557A1770018F9B5 /* CPTFill.h */,
				50E0DF491557A1770018F9B5 /* CPTGradient.h */,
				50E0DF4A1557A1770018F9B5 /* CPTGraph.h */,
				50E0DF4B1557A1770018F9B5 /* CPTGraphHostingView.h */,
				50E0DF4C1557A1770018F9B5 /* CPTGridLineGroup.h */,
				50E0DF4D1557A1770018F9B5 /* CPTGridLines.h */,
				50E0DF4E1557A1770018F9B5 /* CPTImage.h */,
				50E0DF4F1557A1770018F9B5 /* CPTLayer.h */,
				50E0DF501557A1770018F9B5 /* CPTLayerAnnotation.h */,
				50E0DF511557A1770018F9B5 /* CPTLegend.h */,
				50E0DF521557A1770018F9B5 /* CPTLegendEntry.h */,
				50E0DF531557A1770018F9B5 /* CPTLimitBand.h */,
				50E0DF541557A1770018F9B5 /* CPTLineCap.h */,
				50E0DF551557A1770018F9B5 /* CPTLineStyle.h */,
				50E0DF561557A1770018F9B5 /* CPTMutableLineStyle.h */,
				50E0DF571557A1770018F9B5 /* CPTMutableNumericData+TypeConversion.h */,
				50E0DF581557A1770018F9B5 /* CPTMutableNumericData.h */,
				50E0DF591557A1770018F9B5 /* CPTMutablePlotRange.h */,
				50E0DF5A1557A1770018F9B5 /* CPTMutableShadow.h */,
				50E0DF5B1557A1770018F9B5 /* CPTMutableTextStyle.h */,
				50E0DF5C1557A1770018F9B5 /* CPTNumericData+TypeConversion.h */,
				50E0DF5D1557A1770018F9B5 /* CPTNumericData.h */,
				50E0DF5E1557A1770018F9B5 /* CPTNumericDataType.h */,
				50E0DF5F1557A1770018F9B5 /* CPTPathExtensions.h */,
				50E0DF601557A1770018F9B5 /* CPTPieChart.h */,
				50E0DF611557A1770018F9B5 /* CPTPlatformSpecificCategories.h */,
				50E0DF621557A1770018F9B5 /* CPTPlatformSpecificDefines.h */,
				50E0DF631557A1770018F9B5 /* CPTPlatformSpecificFunctions.h */,
				50E0DF641557A1770018F9B5 /* CPTPlot.h */,
				50E0DF651557A1770018F9B5 /* CPTPlotArea.h */,
				50E0DF661557A1770018F9B5 /* CPTPlotAreaFrame.h */,
				50E0DF671557A1770018F9B5 /* CPTPlotGroup.h */,
				50E0DF681557A1770018F9B5 /* CPTPlotRange.h */,
				50E0DF691557A1770018F9B5 /* CPTPlotSpace.h */,
				50E0DF6A1557A1770018F9B5 /* CPTPlotSpaceAnnotation.h */,
				50E0DF6B1557A1770018F9B5 /* CPTPlotSymbol.h */,
				50E0DF6C1557A1770018F9B5 /* CPTRangePlot.h */,
				50E0DF6D1557A1770018F9B5 /* CPTResponder.h */,
				50E0DF6E1557A1770018F9B5 /* CPTScatterPlot.h */,
				50E0DF6F1557A1770018F9B5 /* CPTShadow.h */,
				50E0DF701557A1770018F9B5 /* CPTTextLayer.h */,
				50E0DF711557A1770018F9B5 /* CPTTextStyle.h */,
				50E0DF721557A1770018F9B5 /* CPTTheme.h */,
				50E0DF731557A1770018F9B5 /* CPTTimeFormatter.h */,
				50E0DF741557A1770018F9B5 /* CPTTradingRangePlot.h */,
				50E0DF751557A1770018F9B5 /* CPTUtilities.h */,
				50E0DF761557A1770018F9B5 /* CPTXYAxis.h */,
				50E0DF771557A1770018F9B5 /* CPTXYAxisSet.h */,
				50E0DF781557A1770018F9B5 /* CPTXYGraph.h */,
				50E0DF791557A1770018F9B5 /* CPTXYPlotSpace.h */,
				50E0DF7A1557A1770018F9B5 /* NSCoderExtensions.h */,
				50E0DF7B1557A1770018F9B5 /* NSDecimalNumberExtensions.h */,
				50E0DF7C1557A1770018F9B5 /* NSNumberExtensions.h */,
			);
			path = CorePlotHeaders;
			sourceTree = "<group>";
		};
/* End PBXGroup section */

/* Begin PBXNativeTarget section */
		50B5DE85152EB92800661492 /* Statwittstics */ = {
			isa = PBXNativeTarget;
			buildConfigurationList = 50B5DE9E152EB92800661492 /* Build configuration list for PBXNativeTarget "Statwittstics" */;
			buildPhases = (
				50B5DE82152EB92800661492 /* Sources */,
				50B5DE83152EB92800661492 /* Frameworks */,
				50B5DE84152EB92800661492 /* Resources */,
			);
			buildRules = (
			);
			dependencies = (
			);
			name = Statwittstics;
			productName = Statwittstics;
			productReference = 50B5DE86152EB92800661492 /* Statwittstics.app */;
			productType = "com.apple.product-type.application";
		};
/* End PBXNativeTarget section */

/* Begin PBXProject section */
		50B5DE7D152EB92800661492 /* Project object */ = {
			isa = PBXProject;
			attributes = {
				LastUpgradeCheck = 0430;
				ORGANIZATIONNAME = "Polar Bears Nanotechnology Research ©";
			};
			buildConfigurationList = 50B5DE80152EB92800661492 /* Build configuration list for PBXProject "Statwittstics" */;
			compatibilityVersion = "Xcode 3.2";
			developmentRegion = English;
			hasScannedForEncodings = 0;
			knownRegions = (
				en,
			);
			mainGroup = 50B5DE7B152EB92800661492;
			productRefGroup = 50B5DE87152EB92800661492 /* Products */;
			projectDirPath = "";
			projectRoot = "";
			targets = (
				50B5DE85152EB92800661492 /* Statwittstics */,
			);
		};
/* End PBXProject section */

/* Begin PBXResourcesBuildPhase section */
		50B5DE84152EB92800661492 /* Resources */ = {
			isa = PBXResourcesBuildPhase;
			buildActionMask = 2147483647;
			files = (
				50B5DE95152EB92800661492 /* InfoPlist.strings in Resources */,
				50B5DF06152EBB8500661492 /* Home.xib in Resources */,
				50B5DF0E152EC1EC00661492 /* DefaultUser.png in Resources */,
				50296390153E6C3500DFD6AF /* AboutViewController.xib in Resources */,
				503B4E24154C977400A6C141 /* ProfilePicturePlaceholder.png in Resources */,
			);
			runOnlyForDeploymentPostprocessing = 0;
		};
/* End PBXResourcesBuildPhase section */

/* Begin PBXSourcesBuildPhase section */
		50B5DE82152EB92800661492 /* Sources */ = {
			isa = PBXSourcesBuildPhase;
			buildActionMask = 2147483647;
			files = (
				50B5DEFA152EBA1B00661492 /* PBDataSet.m in Sources */,
				50B5DEFB152EBA1B00661492 /* PBPlot.m in Sources */,
				50B5DEFC152EBA1B00661492 /* PBUtilities.m in Sources */,
				50B5DE97152EB92800661492 /* main.m in Sources */,
				50B5DE9B152EB92800661492 /* AppDelegate.m in Sources */,
				50B5DF09152EBBA500661492 /* HomeViewController.m in Sources */,
				5089487815315CB000A66EFA /* PBTweet.m in Sources */,
				5089487B153160F800A66EFA /* PBTUser.m in Sources */,
				5093C6E7153A3F66001D279C /* PBTUserView.m in Sources */,
				50CD10C2153BC640004F7229 /* PBTConstants.m in Sources */,
				5029638F153E6C3500DFD6AF /* AboutViewController.m in Sources */,
				50CAAC451544F0A300641D90 /* FindUserViewController.m in Sources */,
				50CAAC52154525A600641D90 /* PBTUtilities.m in Sources */,
				503B6D59154D0832003904F9 /* GIDAAlertView.m in Sources */,
			);
			runOnlyForDeploymentPostprocessing = 0;
		};
/* End PBXSourcesBuildPhase section */

/* Begin PBXVariantGroup section */
		50B5DE93152EB92800661492 /* InfoPlist.strings */ = {
			isa = PBXVariantGroup;
			children = (
				50B5DE94152EB92800661492 /* en */,
			);
			name = InfoPlist.strings;
			sourceTree = "<group>";
		};
/* End PBXVariantGroup section */

/* Begin XCBuildConfiguration section */
		50B5DE9C152EB92800661492 /* Debug */ = {
			isa = XCBuildConfiguration;
			buildSettings = {
				ALWAYS_SEARCH_USER_PATHS = NO;
				ARCHS = "$(ARCHS_STANDARD_32_BIT)";
				"CODE_SIGN_IDENTITY[sdk=iphoneos*]" = "iPhone Developer";
				COPY_PHASE_STRIP = NO;
				GCC_C_LANGUAGE_STANDARD = gnu99;
				GCC_DYNAMIC_NO_PIC = NO;
				GCC_OPTIMIZATION_LEVEL = 0;
				GCC_SYMBOLS_PRIVATE_EXTERN = NO;
				GCC_VERSION = com.apple.compilers.llvmgcc42;
				GCC_WARN_ABOUT_RETURN_TYPE = YES;
				GCC_WARN_UNINITIALIZED_AUTOS = YES;
				GCC_WARN_UNUSED_VARIABLE = YES;
				IPHONEOS_DEPLOYMENT_TARGET = 5.1;
				"OTHER_LDFLAGS[arch=*]" = (
					"-ObjC",
					"-all_load",
				);
				SDKROOT = iphoneos;
				TARGETED_DEVICE_FAMILY = 2;
			};
			name = Debug;
		};
		50B5DE9D152EB92800661492 /* Release */ = {
			isa = XCBuildConfiguration;
			buildSettings = {
				ALWAYS_SEARCH_USER_PATHS = NO;
				ARCHS = "$(ARCHS_STANDARD_32_BIT)";
				"CODE_SIGN_IDENTITY[sdk=iphoneos*]" = "iPhone Developer";
				COPY_PHASE_STRIP = YES;
				GCC_C_LANGUAGE_STANDARD = gnu99;
				GCC_VERSION = com.apple.compilers.llvmgcc42;
				GCC_WARN_ABOUT_RETURN_TYPE = YES;
				GCC_WARN_UNINITIALIZED_AUTOS = YES;
				GCC_WARN_UNUSED_VARIABLE = YES;
				IPHONEOS_DEPLOYMENT_TARGET = 5.1;
				"OTHER_LDFLAGS[arch=*]" = (
					"-ObjC",
					"-all_load",
				);
				SDKROOT = iphoneos;
				TARGETED_DEVICE_FAMILY = 2;
				VALIDATE_PRODUCT = YES;
			};
			name = Release;
		};
		50B5DE9F152EB92800661492 /* Debug */ = {
			isa = XCBuildConfiguration;
			buildSettings = {
				GCC_PRECOMPILE_PREFIX_HEADER = YES;
				GCC_PREFIX_HEADER = "Statwittstics/Statwittstics-Prefix.pch";
				GCC_VERSION = com.apple.compilers.llvm.clang.1_0;
				INFOPLIST_FILE = "Statwittstics/Statwittstics-Info.plist";
				LIBRARY_SEARCH_PATHS = (
					"$(inherited)",
					"\"$(SRCROOT)\"",
				);
				OTHER_LDFLAGS = (
					"-ObjC",
					"-all_load",
				);
				PRODUCT_NAME = "$(TARGET_NAME)";
				WRAPPER_EXTENSION = app;
			};
			name = Debug;
		};
		50B5DEA0152EB92800661492 /* Release */ = {
			isa = XCBuildConfiguration;
			buildSettings = {
				GCC_PRECOMPILE_PREFIX_HEADER = YES;
				GCC_PREFIX_HEADER = "Statwittstics/Statwittstics-Prefix.pch";
				GCC_VERSION = com.apple.compilers.llvm.clang.1_0;
				INFOPLIST_FILE = "Statwittstics/Statwittstics-Info.plist";
				LIBRARY_SEARCH_PATHS = (
					"$(inherited)",
					"\"$(SRCROOT)\"",
				);
				OTHER_LDFLAGS = (
					"-ObjC",
					"-all_load",
				);
				PRODUCT_NAME = "$(TARGET_NAME)";
				WRAPPER_EXTENSION = app;
			};
			name = Release;
		};
/* End XCBuildConfiguration section */

/* Begin XCConfigurationList section */
		50B5DE80152EB92800661492 /* Build configuration list for PBXProject "Statwittstics" */ = {
			isa = XCConfigurationList;
			buildConfigurations = (
				50B5DE9C152EB92800661492 /* Debug */,
				50B5DE9D152EB92800661492 /* Release */,
			);
			defaultConfigurationIsVisible = 0;
			defaultConfigurationName = Release;
		};
		50B5DE9E152EB92800661492 /* Build configuration list for PBXNativeTarget "Statwittstics" */ = {
			isa = XCConfigurationList;
			buildConfigurations = (
				50B5DE9F152EB92800661492 /* Debug */,
				50B5DEA0152EB92800661492 /* Release */,
			);
			defaultConfigurationIsVisible = 0;
			defaultConfigurationName = Release;
		};
/* End XCConfigurationList section */
	};
	rootObject = 50B5DE7D152EB92800661492 /* Project object */;
}
